
Microsoft Visual Studio Solution File, Format Version 12.00
# Visual Studio Version 17
VisualStudioVersion = 17.9.34723.18
MinimumVisualStudioVersion = 10.0.40219.1
Project("{FAE04EC0-301F-11D3-BF4B-00C04F79EFBC}") = "01switch", "01switch\01switch.csproj", "{3ACCBFFD-54C3-4663-A5DF-3AD0E59F3433}"
EndProject
Project("{FAE04EC0-301F-11D3-BF4B-00C04F79EFBC}") = "02switch 和 if", "02switch 和 if\02switch 和 if.csproj", "{F730F083-1D9F-4907-92A1-B62345CDF8EF}"
EndProject
Project("{FAE04EC0-301F-11D3-BF4B-00C04F79EFBC}") = "03switch练习", "03switch练习\03switch练习.csproj", "{BEF6C1A3-2D95-4F0C-B172-8851832C908E}"
EndProject
Project("{FAE04EC0-301F-11D3-BF4B-00C04F79EFBC}") = "04whiile循环", "04whiile循环\04whiile循环.csproj", "{0460C5B7-5171-4739-A207-E9896B10AE3C}"
EndProject
Global
	GlobalSection(SolutionConfigurationPlatforms) = preSolution
		Debug|Any CPU = Debug|Any CPU
		Release|Any CPU = Release|Any CPU
	EndGlobalSection
	GlobalSection(ProjectConfigurationPlatforms) = postSolution
		{3ACCBFFD-54C3-4663-A5DF-3AD0E59F3433}.Debug|Any CPU.ActiveCfg = Debug|Any CPU
		{3ACCBFFD-54C3-4663-A5DF-3AD0E59F3433}.Debug|Any CPU.Build.0 = Debug|Any CPU
		{3ACCBFFD-54C3-4663-A5DF-3AD0E59F3433}.Release|Any CPU.ActiveCfg = Release|Any CPU
		{3ACCBFFD-54C3-4663-A5DF-3AD0E59F3433}.Release|Any CPU.Build.0 = Release|Any CPU
		{F730F083-1D9F-4907-92A1-B62345CDF8EF}.Debug|Any CPU.ActiveCfg = Debug|Any CPU
		{F730F083-1D9F-4907-92A1-B62345CDF8EF}.Debug|Any CPU.Build.0 = Debug|Any CPU
		{F730F083-1D9F-4907-92A1-B62345CDF8EF}.Release|Any CPU.ActiveCfg = Release|Any CPU
		{F730F083-1D9F-4907-92A1-B62345CDF8EF}.Release|Any CPU.Build.0 = Release|Any CPU
		{BEF6C1A3-2D95-4F0C-B172-8851832C908E}.Debug|Any CPU.ActiveCfg = Debug|Any CPU
		{BEF6C1A3-2D95-4F0C-B172-8851832C908E}.Debug|Any CPU.Build.0 = Debug|Any CPU
		{BEF6C1A3-2D95-4F0C-B172-8851832C908E}.Release|Any CPU.ActiveCfg = Release|Any CPU
		{BEF6C1A3-2D95-4F0C-B172-8851832C908E}.Release|Any CPU.Build.0 = Release|Any CPU
		{0460C5B7-5171-4739-A207-E9896B10AE3C}.Debug|Any CPU.ActiveCfg = Debug|Any CPU
		{0460C5B7-5171-4739-A207-E9896B10AE3C}.Debug|Any CPU.Build.0 = Debug|Any CPU
		{0460C5B7-5171-4739-A207-E9896B10AE3C}.Release|Any CPU.ActiveCfg = Release|Any CPU
		{0460C5B7-5171-4739-A207-E9896B10AE3C}.Release|Any CPU.Build.0 = Release|Any CPU
	EndGlobalSection
	GlobalSection(SolutionProperties) = preSolution
		HideSolutionNode = FALSE
	EndGlobalSection
	GlobalSection(ExtensibilityGlobals) = postSolution
		SolutionGuid = {B432D6AC-CF01-4930-9273-3A1C0014A89E}
	EndGlobalSection
EndGlobal
