
Microsoft Visual Studio Solution File, Format Version 12.00
# Visual Studio Version 17
VisualStudioVersion = 17.10.35122.118
MinimumVisualStudioVersion = 10.0.40219.1
Project("{9A19103F-16F7-4668-BE54-9A1E7A4F7556}") = "TangShiDome", "TangShiDome\TangShiDome.csproj", "{F12E5310-104B-4EB3-BB1A-DFF8B2BD0740}"
EndProject
Project("{2150E333-8FDC-42A3-9474-1A3956D46DE8}") = "Tangshi_Dome", "Tangshi_Dome", "{94641B25-4597-40E4-A747-E93525248E16}"
EndProject
Project("{2150E333-8FDC-42A3-9474-1A3956D46DE8}") = "T_Dome", "T_Dome", "{FFD97A02-40D4-4601-BF29-15F833B931FF}"
EndProject
Project("{2150E333-8FDC-42A3-9474-1A3956D46DE8}") = "My_Dome", "My_Dome", "{69685BDA-7A8D-48DA-BC5B-BE388C284206}"
EndProject
Project("{2150E333-8FDC-42A3-9474-1A3956D46DE8}") = "CSharp", "CSharp", "{7BB1DAD3-9633-49FC-8054-ABFFE7F2C6B3}"
EndProject
Project("{9A19103F-16F7-4668-BE54-9A1E7A4F7556}") = "8_27", "MyDome\8_27\8_27.csproj", "{D275D45A-0252-432E-B961-79C8F31094E3}"
EndProject
Project("{9A19103F-16F7-4668-BE54-9A1E7A4F7556}") = "8_27作业", "MyDome\8_27作业\8_27作业.csproj", "{421350CC-6C38-4AAF-A77A-9C67DA14CA9D}"
EndProject
Project("{9A19103F-16F7-4668-BE54-9A1E7A4F7556}") = "8_23作业", "MyDome\8_23作业\8_23作业.csproj", "{A8D0A351-A081-438B-A91B-ABD9CE4EC866}"
EndProject
Project("{9A19103F-16F7-4668-BE54-9A1E7A4F7556}") = "8.28", "MyDome\_8.28\8.28.csproj", "{DCEBBB06-5955-4439-BC76-247903AF3C8F}"
EndProject
Project("{9A19103F-16F7-4668-BE54-9A1E7A4F7556}") = "8_28作业", "MyDome\8_28作业\8_28作业.csproj", "{6C79E24A-DE12-4B22-84B1-6E0BD9E77AD3}"
EndProject
Project("{9A19103F-16F7-4668-BE54-9A1E7A4F7556}") = "8_29", "MyDome\_8_29\8_29.csproj", "{39602638-2800-4939-BB24-756D6E1DB991}"
EndProject
Project("{9A19103F-16F7-4668-BE54-9A1E7A4F7556}") = "8_29作业", "MyDome\8_29作业\8_29作业.csproj", "{21B6F206-A439-4F67-8376-D70E06FA2AE9}"
EndProject
Project("{9A19103F-16F7-4668-BE54-9A1E7A4F7556}") = "8_30_作业1", "MyDome\8_30_作业1\8_30_作业1.csproj", "{FA130995-B0FA-49B3-B12E-A24D07EB18D6}"
EndProject
Project("{FAE04EC0-301F-11D3-BF4B-00C04F79EFBC}") = "WindowsFormsApp1", "MyDome\WindowsFormsApp1\WindowsFormsApp1.csproj", "{CCE51262-3798-41EE-992D-6F6BBBC68327}"
EndProject
Project("{9A19103F-16F7-4668-BE54-9A1E7A4F7556}") = "高阶函数", "MyDome\高阶函数\高阶函数.csproj", "{DA96F9EF-07A3-4B21-87F1-05BC146261CA}"
EndProject
Project("{9A19103F-16F7-4668-BE54-9A1E7A4F7556}") = "函数", "MyDome\函数\函数.csproj", "{2840A213-1D23-4695-9BFB-1567FBF181C5}"
EndProject
Project("{9A19103F-16F7-4668-BE54-9A1E7A4F7556}") = "结构体", "MyDome\结构体\结构体.csproj", "{4E08A689-F601-4F5D-804E-6D17202A8CD8}"
EndProject
Project("{9A19103F-16F7-4668-BE54-9A1E7A4F7556}") = "结构体和枚举结合", "MyDome\结构体和枚举结合\结构体和枚举结合.csproj", "{AF920532-DFC7-4E8D-9E9A-EAF2CF090DDB}"
EndProject
Project("{9A19103F-16F7-4668-BE54-9A1E7A4F7556}") = "枚举", "MyDome\枚举\枚举.csproj", "{F022B13B-4A3B-4491-88EF-D8DBB8D3E467}"
EndProject
Project("{9A19103F-16F7-4668-BE54-9A1E7A4F7556}") = "面向对象", "MyDome\面向对象\面向对象.csproj", "{E042544E-1D06-4E7D-B1CC-035C7A8C9EB0}"
EndProject
Project("{9A19103F-16F7-4668-BE54-9A1E7A4F7556}") = "数组", "MyDome\数组\数组.csproj", "{8FA8DD5F-7B1C-4D18-93CA-D8A1ABCD0768}"
EndProject
Project("{9A19103F-16F7-4668-BE54-9A1E7A4F7556}") = "冒泡排序和选择排序练习以及注意事项", "MyDome\选择排序练习\冒泡排序和选择排序练习以及注意事项.csproj", "{5AAB6EED-9ACB-465D-BD2F-260B10E57A43}"
EndProject
Project("{9A19103F-16F7-4668-BE54-9A1E7A4F7556}") = "字符串的方法属性", "MyDome\字符串的方法属性\字符串的方法属性.csproj", "{82AA1023-DE03-4841-A70A-9E3265B46DE3}"
EndProject
Project("{2150E333-8FDC-42A3-9474-1A3956D46DE8}") = "试听", "试听", "{24806E89-6C14-4957-B92D-EC2C5B2E5E8D}"
EndProject
Project("{2150E333-8FDC-42A3-9474-1A3956D46DE8}") = "8_27", "8_27", "{14BA600A-C766-4A8B-BB4D-1D691C2D56A2}"
EndProject
Project("{FAE04EC0-301F-11D3-BF4B-00C04F79EFBC}") = "01随机数", "TDome\8_27\01随机数\01随机数.csproj", "{8A331AE4-0B94-47A7-B176-ED2ADA656B6D}"
EndProject
Project("{FAE04EC0-301F-11D3-BF4B-00C04F79EFBC}") = "02时间类", "TDome\8_27\02时间类\02时间类.csproj", "{E02AF174-C688-493C-81CF-BEA727550BA2}"
EndProject
Project("{FAE04EC0-301F-11D3-BF4B-00C04F79EFBC}") = "03时间计算", "TDome\8_27\03时间计算\03时间计算.csproj", "{4B3F8741-EA6A-4AF9-84E4-9161DC958502}"
EndProject
Project("{FAE04EC0-301F-11D3-BF4B-00C04F79EFBC}") = "04结构体", "TDome\8_27\04结构体\04结构体.csproj", "{0F4DF1FB-34CC-4A6E-929A-A93C35E753C5}"
EndProject
Project("{FAE04EC0-301F-11D3-BF4B-00C04F79EFBC}") = "05枚举", "TDome\8_27\05枚举\05枚举.csproj", "{2CD39EA7-D1BD-4969-8005-4C33271EE9E2}"
EndProject
Project("{FAE04EC0-301F-11D3-BF4B-00C04F79EFBC}") = "06枚举类型转换", "TDome\8_27\06枚举类型转换\06枚举类型转换.csproj", "{7891245C-5D43-438D-AA4C-0DFE7F9D0111}"
EndProject
Project("{FAE04EC0-301F-11D3-BF4B-00C04F79EFBC}") = "07结构体结合枚举", "TDome\8_27\07结构体结合枚举\07结构体结合枚举.csproj", "{920DDF20-6340-4D6E-87BA-5AAFEC8AA718}"
EndProject
Project("{2150E333-8FDC-42A3-9474-1A3956D46DE8}") = "8_28", "8_28", "{E6E1420B-01AC-451C-B4E0-4B0A5CBAD33D}"
EndProject
Project("{FAE04EC0-301F-11D3-BF4B-00C04F79EFBC}") = "01数组", "TDome\8_28\01数组\01数组.csproj", "{FA03EA61-5967-4447-AA5C-750A7747C44B}"
EndProject
Project("{FAE04EC0-301F-11D3-BF4B-00C04F79EFBC}") = "02可空类型", "TDome\8_28\02可空类型\02可空类型.csproj", "{05F2A374-40F0-4A7C-8A51-31DCAF424C43}"
EndProject
Project("{FAE04EC0-301F-11D3-BF4B-00C04F79EFBC}") = "03数组题", "TDome\8_28\03数组题\03数组题.csproj", "{B7F9D348-D1B7-448A-A6A6-BADC1A76F7CF}"
EndProject
Project("{FAE04EC0-301F-11D3-BF4B-00C04F79EFBC}") = "04封装打印数组", "TDome\8_28\04封装打印数组\04封装打印数组.csproj", "{48FE7657-F249-4299-B044-F8C4562F0043}"
EndProject
Project("{FAE04EC0-301F-11D3-BF4B-00C04F79EFBC}") = "05GUID唯一标识", "TDome\8_28\05GUID唯一标识\05GUID唯一标识.csproj", "{F7025DA3-B555-4FB9-A89E-00666771D720}"
EndProject
Project("{FAE04EC0-301F-11D3-BF4B-00C04F79EFBC}") = "06foreach", "TDome\8_28\06foreach\06foreach.csproj", "{34487FDB-536C-4140-B78C-395B9912F950}"
EndProject
Project("{FAE04EC0-301F-11D3-BF4B-00C04F79EFBC}") = "07多维数组", "TDome\8_28\07多维数组\07多维数组.csproj", "{F96A734D-4ADD-446A-B3EF-CC5F8D655FB9}"
EndProject
Project("{FAE04EC0-301F-11D3-BF4B-00C04F79EFBC}") = "08冒泡排序", "TDome\8_28\08冒泡排序\08冒泡排序.csproj", "{558851B4-476C-4FDF-854E-AE9B72C1815E}"
EndProject
Project("{FAE04EC0-301F-11D3-BF4B-00C04F79EFBC}") = "昨天作业", "TDome\8_28\昨天作业\昨天作业.csproj", "{8DD09FCC-DB3F-4AB6-87F3-0D4996F26D87}"
EndProject
Project("{2150E333-8FDC-42A3-9474-1A3956D46DE8}") = "8_29", "8_29", "{BBCDFC42-CF66-4A57-81A1-A54E3351F045}"
EndProject
Project("{FAE04EC0-301F-11D3-BF4B-00C04F79EFBC}") = "01函数重载", "TDome\8_29\01函数重载\01函数重载.csproj", "{740E4B68-2122-45FC-A5E8-F10CFDB2FBC3}"
EndProject
Project("{FAE04EC0-301F-11D3-BF4B-00C04F79EFBC}") = "02递归", "TDome\8_29\02递归\02递归.csproj", "{CBCAAFB2-DBEB-4F7B-81BD-B5DC7D0012E0}"
EndProject
Project("{FAE04EC0-301F-11D3-BF4B-00C04F79EFBC}") = "03交错数组", "TDome\8_29\03交错数组\03交错数组.csproj", "{782A195D-46D4-4436-9885-D9E481FEFED6}"
EndProject
Project("{FAE04EC0-301F-11D3-BF4B-00C04F79EFBC}") = "04数组的属性和方法", "TDome\8_29\04数组的属性和方法\04数组的属性和方法.csproj", "{E530208A-4E75-46B0-97F6-BF125C6D8E96}"
EndProject
Project("{FAE04EC0-301F-11D3-BF4B-00C04F79EFBC}") = "05字符串的属性和方法", "TDome\8_29\05字符串的属性和方法\05字符串的属性和方法.csproj", "{599B4AF9-26F0-4551-BFF8-AA2DA0076264}"
EndProject
Project("{FAE04EC0-301F-11D3-BF4B-00C04F79EFBC}") = "06高阶函数", "TDome\8_29\06高阶函数\06高阶函数.csproj", "{0FC3DA4B-7B49-45E9-B808-8694D6180815}"
EndProject
Project("{FAE04EC0-301F-11D3-BF4B-00C04F79EFBC}") = "作业", "TDome\8_29\作业\作业.csproj", "{4004766A-487A-4556-ABAD-6B5377151165}"
EndProject
Project("{2150E333-8FDC-42A3-9474-1A3956D46DE8}") = "8_30", "8_30", "{77DDC419-E9F8-46DD-BEDF-79492D472254}"
EndProject
Project("{FAE04EC0-301F-11D3-BF4B-00C04F79EFBC}") = "01复习高阶函数", "TDome\8_30\01复习高阶函数\01复习高阶函数.csproj", "{D8B1298D-CD92-4EE3-B0B9-B9B382B74240}"
EndProject
Project("{FAE04EC0-301F-11D3-BF4B-00C04F79EFBC}") = "02有参数的高阶函数", "TDome\8_30\02有参数的高阶函数\02有参数的高阶函数.csproj", "{44CF1BA7-705B-4F10-94BD-12824BD08C76}"
EndProject
Project("{FAE04EC0-301F-11D3-BF4B-00C04F79EFBC}") = "03有参数有返回值的时候", "TDome\8_30\03有参数有返回值的时候\03有参数有返回值的时候.csproj", "{071F81FB-7471-40DF-8AD4-4ACE73BEA0F4}"
EndProject
Project("{FAE04EC0-301F-11D3-BF4B-00C04F79EFBC}") = "昨天作业", "TDome\8_30\昨天作业\昨天作业.csproj", "{FC2442F2-86BE-4911-BAA3-D11562CD8C27}"
EndProject
Project("{2150E333-8FDC-42A3-9474-1A3956D46DE8}") = "BeforT", "BeforT", "{A9CB4C4C-53E6-41C2-B1C3-C7A0BFF3B15C}"
	ProjectSection(SolutionItems) = preProject
		TDome\BeforT.rar = TDome\BeforT.rar
	EndProjectSection
EndProject
Project("{9A19103F-16F7-4668-BE54-9A1E7A4F7556}") = "第一天", "MyDome\试听\第一天\第一天.csproj", "{C37C7781-5D38-488D-AE4E-EA1C9B14E8E4}"
EndProject
Project("{9A19103F-16F7-4668-BE54-9A1E7A4F7556}") = "第二天", "MyDome\试听\第二天\第二天.csproj", "{ADD7324A-DF34-4D2D-B4C4-7D8EBEFC0966}"
EndProject
Project("{9A19103F-16F7-4668-BE54-9A1E7A4F7556}") = "第三天", "MyDome\试听\第三天\第三天.csproj", "{DD87ED91-5947-4439-B2D3-E5DFED046F96}"
EndProject
Project("{9A19103F-16F7-4668-BE54-9A1E7A4F7556}") = "第四天", "MyDome\试听\第四天\第四天.csproj", "{9C663112-B331-404C-8A17-6CD4CB035C60}"
EndProject
Project("{9A19103F-16F7-4668-BE54-9A1E7A4F7556}") = "第五天", "MyDome\试听\第五天\第五天.csproj", "{7E6A9D79-C712-4A2A-B7AC-E6123024D6F3}"
EndProject
Project("{9A19103F-16F7-4668-BE54-9A1E7A4F7556}") = "第六天", "MyDome\试听\第六天\第六天.csproj", "{4A69C765-62C2-478E-9A0B-B90F260C13B4}"
EndProject
Project("{9A19103F-16F7-4668-BE54-9A1E7A4F7556}") = "第七天", "MyDome\试听\第七天\第七天.csproj", "{F8D91EDE-B6EA-42BB-BCFA-B60E91C89B87}"
EndProject
Project("{9A19103F-16F7-4668-BE54-9A1E7A4F7556}") = "第八天", "MyDome\试听\第八天\第八天.csproj", "{F2160150-D918-41D8-A995-E21F20AE289B}"
EndProject
Project("{9A19103F-16F7-4668-BE54-9A1E7A4F7556}") = "第九天", "MyDome\试听\第九天\第九天.csproj", "{DE0F2343-627D-408B-9021-D90BD288D346}"
EndProject
Project("{9A19103F-16F7-4668-BE54-9A1E7A4F7556}") = "第十天", "MyDome\试听\第十天\第十天.csproj", "{B9C7764B-FA5B-42C4-A3DB-ED842913C180}"
EndProject
Project("{9A19103F-16F7-4668-BE54-9A1E7A4F7556}") = "第十一天", "MyDome\试听\第十一天\第十一天.csproj", "{C20EB45B-39A0-4D24-A605-6A922D9F8DB9}"
EndProject
Project("{FAE04EC0-301F-11D3-BF4B-00C04F79EFBC}") = "窗体应用实践", "MyDome\试听\窗体应用实践\窗体应用实践.csproj", "{3D50D186-A51E-4D6E-9A15-6209D3AAB23A}"
EndProject
Project("{FAE04EC0-301F-11D3-BF4B-00C04F79EFBC}") = "窗体应用的尝试", "MyDome\试听\窗体应用的尝试\窗体应用的尝试.csproj", "{53DA226F-D434-423C-9125-C440862BD462}"
EndProject
Global
	GlobalSection(SolutionConfigurationPlatforms) = preSolution
		Debug|Any CPU = Debug|Any CPU
		Release|Any CPU = Release|Any CPU
	EndGlobalSection
	GlobalSection(ProjectConfigurationPlatforms) = postSolution
		{F12E5310-104B-4EB3-BB1A-DFF8B2BD0740}.Debug|Any CPU.ActiveCfg = Debug|Any CPU
		{F12E5310-104B-4EB3-BB1A-DFF8B2BD0740}.Debug|Any CPU.Build.0 = Debug|Any CPU
		{F12E5310-104B-4EB3-BB1A-DFF8B2BD0740}.Release|Any CPU.ActiveCfg = Release|Any CPU
		{F12E5310-104B-4EB3-BB1A-DFF8B2BD0740}.Release|Any CPU.Build.0 = Release|Any CPU
		{D275D45A-0252-432E-B961-79C8F31094E3}.Debug|Any CPU.ActiveCfg = Debug|Any CPU
		{D275D45A-0252-432E-B961-79C8F31094E3}.Debug|Any CPU.Build.0 = Debug|Any CPU
		{D275D45A-0252-432E-B961-79C8F31094E3}.Release|Any CPU.ActiveCfg = Release|Any CPU
		{D275D45A-0252-432E-B961-79C8F31094E3}.Release|Any CPU.Build.0 = Release|Any CPU
		{421350CC-6C38-4AAF-A77A-9C67DA14CA9D}.Debug|Any CPU.ActiveCfg = Debug|Any CPU
		{421350CC-6C38-4AAF-A77A-9C67DA14CA9D}.Debug|Any CPU.Build.0 = Debug|Any CPU
		{421350CC-6C38-4AAF-A77A-9C67DA14CA9D}.Release|Any CPU.ActiveCfg = Release|Any CPU
		{421350CC-6C38-4AAF-A77A-9C67DA14CA9D}.Release|Any CPU.Build.0 = Release|Any CPU
		{A8D0A351-A081-438B-A91B-ABD9CE4EC866}.Debug|Any CPU.ActiveCfg = Debug|Any CPU
		{A8D0A351-A081-438B-A91B-ABD9CE4EC866}.Debug|Any CPU.Build.0 = Debug|Any CPU
		{A8D0A351-A081-438B-A91B-ABD9CE4EC866}.Release|Any CPU.ActiveCfg = Release|Any CPU
		{A8D0A351-A081-438B-A91B-ABD9CE4EC866}.Release|Any CPU.Build.0 = Release|Any CPU
		{DCEBBB06-5955-4439-BC76-247903AF3C8F}.Debug|Any CPU.ActiveCfg = Debug|Any CPU
		{DCEBBB06-5955-4439-BC76-247903AF3C8F}.Debug|Any CPU.Build.0 = Debug|Any CPU
		{DCEBBB06-5955-4439-BC76-247903AF3C8F}.Release|Any CPU.ActiveCfg = Release|Any CPU
		{DCEBBB06-5955-4439-BC76-247903AF3C8F}.Release|Any CPU.Build.0 = Release|Any CPU
		{6C79E24A-DE12-4B22-84B1-6E0BD9E77AD3}.Debug|Any CPU.ActiveCfg = Debug|Any CPU
		{6C79E24A-DE12-4B22-84B1-6E0BD9E77AD3}.Debug|Any CPU.Build.0 = Debug|Any CPU
		{6C79E24A-DE12-4B22-84B1-6E0BD9E77AD3}.Release|Any CPU.ActiveCfg = Release|Any CPU
		{6C79E24A-DE12-4B22-84B1-6E0BD9E77AD3}.Release|Any CPU.Build.0 = Release|Any CPU
		{39602638-2800-4939-BB24-756D6E1DB991}.Debug|Any CPU.ActiveCfg = Debug|Any CPU
		{39602638-2800-4939-BB24-756D6E1DB991}.Debug|Any CPU.Build.0 = Debug|Any CPU
		{39602638-2800-4939-BB24-756D6E1DB991}.Release|Any CPU.ActiveCfg = Release|Any CPU
		{39602638-2800-4939-BB24-756D6E1DB991}.Release|Any CPU.Build.0 = Release|Any CPU
		{21B6F206-A439-4F67-8376-D70E06FA2AE9}.Debug|Any CPU.ActiveCfg = Debug|Any CPU
		{21B6F206-A439-4F67-8376-D70E06FA2AE9}.Debug|Any CPU.Build.0 = Debug|Any CPU
		{21B6F206-A439-4F67-8376-D70E06FA2AE9}.Release|Any CPU.ActiveCfg = Release|Any CPU
		{21B6F206-A439-4F67-8376-D70E06FA2AE9}.Release|Any CPU.Build.0 = Release|Any CPU
		{FA130995-B0FA-49B3-B12E-A24D07EB18D6}.Debug|Any CPU.ActiveCfg = Debug|Any CPU
		{FA130995-B0FA-49B3-B12E-A24D07EB18D6}.Debug|Any CPU.Build.0 = Debug|Any CPU
		{FA130995-B0FA-49B3-B12E-A24D07EB18D6}.Release|Any CPU.ActiveCfg = Release|Any CPU
		{FA130995-B0FA-49B3-B12E-A24D07EB18D6}.Release|Any CPU.Build.0 = Release|Any CPU
		{CCE51262-3798-41EE-992D-6F6BBBC68327}.Debug|Any CPU.ActiveCfg = Debug|Any CPU
		{CCE51262-3798-41EE-992D-6F6BBBC68327}.Debug|Any CPU.Build.0 = Debug|Any CPU
		{CCE51262-3798-41EE-992D-6F6BBBC68327}.Release|Any CPU.ActiveCfg = Release|Any CPU
		{CCE51262-3798-41EE-992D-6F6BBBC68327}.Release|Any CPU.Build.0 = Release|Any CPU
		{DA96F9EF-07A3-4B21-87F1-05BC146261CA}.Debug|Any CPU.ActiveCfg = Debug|Any CPU
		{DA96F9EF-07A3-4B21-87F1-05BC146261CA}.Debug|Any CPU.Build.0 = Debug|Any CPU
		{DA96F9EF-07A3-4B21-87F1-05BC146261CA}.Release|Any CPU.ActiveCfg = Release|Any CPU
		{DA96F9EF-07A3-4B21-87F1-05BC146261CA}.Release|Any CPU.Build.0 = Release|Any CPU
		{2840A213-1D23-4695-9BFB-1567FBF181C5}.Debug|Any CPU.ActiveCfg = Debug|Any CPU
		{2840A213-1D23-4695-9BFB-1567FBF181C5}.Debug|Any CPU.Build.0 = Debug|Any CPU
		{2840A213-1D23-4695-9BFB-1567FBF181C5}.Release|Any CPU.ActiveCfg = Release|Any CPU
		{2840A213-1D23-4695-9BFB-1567FBF181C5}.Release|Any CPU.Build.0 = Release|Any CPU
		{4E08A689-F601-4F5D-804E-6D17202A8CD8}.Debug|Any CPU.ActiveCfg = Debug|Any CPU
		{4E08A689-F601-4F5D-804E-6D17202A8CD8}.Debug|Any CPU.Build.0 = Debug|Any CPU
		{4E08A689-F601-4F5D-804E-6D17202A8CD8}.Release|Any CPU.ActiveCfg = Release|Any CPU
		{4E08A689-F601-4F5D-804E-6D17202A8CD8}.Release|Any CPU.Build.0 = Release|Any CPU
		{AF920532-DFC7-4E8D-9E9A-EAF2CF090DDB}.Debug|Any CPU.ActiveCfg = Debug|Any CPU
		{AF920532-DFC7-4E8D-9E9A-EAF2CF090DDB}.Debug|Any CPU.Build.0 = Debug|Any CPU
		{AF920532-DFC7-4E8D-9E9A-EAF2CF090DDB}.Release|Any CPU.ActiveCfg = Release|Any CPU
		{AF920532-DFC7-4E8D-9E9A-EAF2CF090DDB}.Release|Any CPU.Build.0 = Release|Any CPU
		{F022B13B-4A3B-4491-88EF-D8DBB8D3E467}.Debug|Any CPU.ActiveCfg = Debug|Any CPU
		{F022B13B-4A3B-4491-88EF-D8DBB8D3E467}.Debug|Any CPU.Build.0 = Debug|Any CPU
		{F022B13B-4A3B-4491-88EF-D8DBB8D3E467}.Release|Any CPU.ActiveCfg = Release|Any CPU
		{F022B13B-4A3B-4491-88EF-D8DBB8D3E467}.Release|Any CPU.Build.0 = Release|Any CPU
		{E042544E-1D06-4E7D-B1CC-035C7A8C9EB0}.Debug|Any CPU.ActiveCfg = Debug|Any CPU
		{E042544E-1D06-4E7D-B1CC-035C7A8C9EB0}.Debug|Any CPU.Build.0 = Debug|Any CPU
		{E042544E-1D06-4E7D-B1CC-035C7A8C9EB0}.Release|Any CPU.ActiveCfg = Release|Any CPU
		{E042544E-1D06-4E7D-B1CC-035C7A8C9EB0}.Release|Any CPU.Build.0 = Release|Any CPU
		{8FA8DD5F-7B1C-4D18-93CA-D8A1ABCD0768}.Debug|Any CPU.ActiveCfg = Debug|Any CPU
		{8FA8DD5F-7B1C-4D18-93CA-D8A1ABCD0768}.Debug|Any CPU.Build.0 = Debug|Any CPU
		{8FA8DD5F-7B1C-4D18-93CA-D8A1ABCD0768}.Release|Any CPU.ActiveCfg = Release|Any CPU
		{8FA8DD5F-7B1C-4D18-93CA-D8A1ABCD0768}.Release|Any CPU.Build.0 = Release|Any CPU
		{5AAB6EED-9ACB-465D-BD2F-260B10E57A43}.Debug|Any CPU.ActiveCfg = Debug|Any CPU
		{5AAB6EED-9ACB-465D-BD2F-260B10E57A43}.Debug|Any CPU.Build.0 = Debug|Any CPU
		{5AAB6EED-9ACB-465D-BD2F-260B10E57A43}.Release|Any CPU.ActiveCfg = Release|Any CPU
		{5AAB6EED-9ACB-465D-BD2F-260B10E57A43}.Release|Any CPU.Build.0 = Release|Any CPU
		{82AA1023-DE03-4841-A70A-9E3265B46DE3}.Debug|Any CPU.ActiveCfg = Debug|Any CPU
		{82AA1023-DE03-4841-A70A-9E3265B46DE3}.Debug|Any CPU.Build.0 = Debug|Any CPU
		{82AA1023-DE03-4841-A70A-9E3265B46DE3}.Release|Any CPU.ActiveCfg = Release|Any CPU
		{82AA1023-DE03-4841-A70A-9E3265B46DE3}.Release|Any CPU.Build.0 = Release|Any CPU
		{8A331AE4-0B94-47A7-B176-ED2ADA656B6D}.Debug|Any CPU.ActiveCfg = Debug|Any CPU
		{8A331AE4-0B94-47A7-B176-ED2ADA656B6D}.Debug|Any CPU.Build.0 = Debug|Any CPU
		{8A331AE4-0B94-47A7-B176-ED2ADA656B6D}.Release|Any CPU.ActiveCfg = Release|Any CPU
		{8A331AE4-0B94-47A7-B176-ED2ADA656B6D}.Release|Any CPU.Build.0 = Release|Any CPU
		{E02AF174-C688-493C-81CF-BEA727550BA2}.Debug|Any CPU.ActiveCfg = Debug|Any CPU
		{E02AF174-C688-493C-81CF-BEA727550BA2}.Debug|Any CPU.Build.0 = Debug|Any CPU
		{E02AF174-C688-493C-81CF-BEA727550BA2}.Release|Any CPU.ActiveCfg = Release|Any CPU
		{E02AF174-C688-493C-81CF-BEA727550BA2}.Release|Any CPU.Build.0 = Release|Any CPU
		{4B3F8741-EA6A-4AF9-84E4-9161DC958502}.Debug|Any CPU.ActiveCfg = Debug|Any CPU
		{4B3F8741-EA6A-4AF9-84E4-9161DC958502}.Debug|Any CPU.Build.0 = Debug|Any CPU
		{4B3F8741-EA6A-4AF9-84E4-9161DC958502}.Release|Any CPU.ActiveCfg = Release|Any CPU
		{4B3F8741-EA6A-4AF9-84E4-9161DC958502}.Release|Any CPU.Build.0 = Release|Any CPU
		{0F4DF1FB-34CC-4A6E-929A-A93C35E753C5}.Debug|Any CPU.ActiveCfg = Debug|Any CPU
		{0F4DF1FB-34CC-4A6E-929A-A93C35E753C5}.Debug|Any CPU.Build.0 = Debug|Any CPU
		{0F4DF1FB-34CC-4A6E-929A-A93C35E753C5}.Release|Any CPU.ActiveCfg = Release|Any CPU
		{0F4DF1FB-34CC-4A6E-929A-A93C35E753C5}.Release|Any CPU.Build.0 = Release|Any CPU
		{2CD39EA7-D1BD-4969-8005-4C33271EE9E2}.Debug|Any CPU.ActiveCfg = Debug|Any CPU
		{2CD39EA7-D1BD-4969-8005-4C33271EE9E2}.Debug|Any CPU.Build.0 = Debug|Any CPU
		{2CD39EA7-D1BD-4969-8005-4C33271EE9E2}.Release|Any CPU.ActiveCfg = Release|Any CPU
		{2CD39EA7-D1BD-4969-8005-4C33271EE9E2}.Release|Any CPU.Build.0 = Release|Any CPU
		{7891245C-5D43-438D-AA4C-0DFE7F9D0111}.Debug|Any CPU.ActiveCfg = Debug|Any CPU
		{7891245C-5D43-438D-AA4C-0DFE7F9D0111}.Debug|Any CPU.Build.0 = Debug|Any CPU
		{7891245C-5D43-438D-AA4C-0DFE7F9D0111}.Release|Any CPU.ActiveCfg = Release|Any CPU
		{7891245C-5D43-438D-AA4C-0DFE7F9D0111}.Release|Any CPU.Build.0 = Release|Any CPU
		{920DDF20-6340-4D6E-87BA-5AAFEC8AA718}.Debug|Any CPU.ActiveCfg = Debug|Any CPU
		{920DDF20-6340-4D6E-87BA-5AAFEC8AA718}.Debug|Any CPU.Build.0 = Debug|Any CPU
		{920DDF20-6340-4D6E-87BA-5AAFEC8AA718}.Release|Any CPU.ActiveCfg = Release|Any CPU
		{920DDF20-6340-4D6E-87BA-5AAFEC8AA718}.Release|Any CPU.Build.0 = Release|Any CPU
		{FA03EA61-5967-4447-AA5C-750A7747C44B}.Debug|Any CPU.ActiveCfg = Debug|Any CPU
		{FA03EA61-5967-4447-AA5C-750A7747C44B}.Debug|Any CPU.Build.0 = Debug|Any CPU
		{FA03EA61-5967-4447-AA5C-750A7747C44B}.Release|Any CPU.ActiveCfg = Release|Any CPU
		{FA03EA61-5967-4447-AA5C-750A7747C44B}.Release|Any CPU.Build.0 = Release|Any CPU
		{05F2A374-40F0-4A7C-8A51-31DCAF424C43}.Debug|Any CPU.ActiveCfg = Debug|Any CPU
		{05F2A374-40F0-4A7C-8A51-31DCAF424C43}.Debug|Any CPU.Build.0 = Debug|Any CPU
		{05F2A374-40F0-4A7C-8A51-31DCAF424C43}.Release|Any CPU.ActiveCfg = Release|Any CPU
		{05F2A374-40F0-4A7C-8A51-31DCAF424C43}.Release|Any CPU.Build.0 = Release|Any CPU
		{B7F9D348-D1B7-448A-A6A6-BADC1A76F7CF}.Debug|Any CPU.ActiveCfg = Debug|Any CPU
		{B7F9D348-D1B7-448A-A6A6-BADC1A76F7CF}.Debug|Any CPU.Build.0 = Debug|Any CPU
		{B7F9D348-D1B7-448A-A6A6-BADC1A76F7CF}.Release|Any CPU.ActiveCfg = Release|Any CPU
		{B7F9D348-D1B7-448A-A6A6-BADC1A76F7CF}.Release|Any CPU.Build.0 = Release|Any CPU
		{48FE7657-F249-4299-B044-F8C4562F0043}.Debug|Any CPU.ActiveCfg = Debug|Any CPU
		{48FE7657-F249-4299-B044-F8C4562F0043}.Debug|Any CPU.Build.0 = Debug|Any CPU
		{48FE7657-F249-4299-B044-F8C4562F0043}.Release|Any CPU.ActiveCfg = Release|Any CPU
		{48FE7657-F249-4299-B044-F8C4562F0043}.Release|Any CPU.Build.0 = Release|Any CPU
		{F7025DA3-B555-4FB9-A89E-00666771D720}.Debug|Any CPU.ActiveCfg = Debug|Any CPU
		{F7025DA3-B555-4FB9-A89E-00666771D720}.Debug|Any CPU.Build.0 = Debug|Any CPU
		{F7025DA3-B555-4FB9-A89E-00666771D720}.Release|Any CPU.ActiveCfg = Release|Any CPU
		{F7025DA3-B555-4FB9-A89E-00666771D720}.Release|Any CPU.Build.0 = Release|Any CPU
		{34487FDB-536C-4140-B78C-395B9912F950}.Debug|Any CPU.ActiveCfg = Debug|Any CPU
		{34487FDB-536C-4140-B78C-395B9912F950}.Debug|Any CPU.Build.0 = Debug|Any CPU
		{34487FDB-536C-4140-B78C-395B9912F950}.Release|Any CPU.ActiveCfg = Release|Any CPU
		{34487FDB-536C-4140-B78C-395B9912F950}.Release|Any CPU.Build.0 = Release|Any CPU
		{F96A734D-4ADD-446A-B3EF-CC5F8D655FB9}.Debug|Any CPU.ActiveCfg = Debug|Any CPU
		{F96A734D-4ADD-446A-B3EF-CC5F8D655FB9}.Debug|Any CPU.Build.0 = Debug|Any CPU
		{F96A734D-4ADD-446A-B3EF-CC5F8D655FB9}.Release|Any CPU.ActiveCfg = Release|Any CPU
		{F96A734D-4ADD-446A-B3EF-CC5F8D655FB9}.Release|Any CPU.Build.0 = Release|Any CPU
		{558851B4-476C-4FDF-854E-AE9B72C1815E}.Debug|Any CPU.ActiveCfg = Debug|Any CPU
		{558851B4-476C-4FDF-854E-AE9B72C1815E}.Debug|Any CPU.Build.0 = Debug|Any CPU
		{558851B4-476C-4FDF-854E-AE9B72C1815E}.Release|Any CPU.ActiveCfg = Release|Any CPU
		{558851B4-476C-4FDF-854E-AE9B72C1815E}.Release|Any CPU.Build.0 = Release|Any CPU
		{8DD09FCC-DB3F-4AB6-87F3-0D4996F26D87}.Debug|Any CPU.ActiveCfg = Debug|Any CPU
		{8DD09FCC-DB3F-4AB6-87F3-0D4996F26D87}.Debug|Any CPU.Build.0 = Debug|Any CPU
		{8DD09FCC-DB3F-4AB6-87F3-0D4996F26D87}.Release|Any CPU.ActiveCfg = Release|Any CPU
		{8DD09FCC-DB3F-4AB6-87F3-0D4996F26D87}.Release|Any CPU.Build.0 = Release|Any CPU
		{740E4B68-2122-45FC-A5E8-F10CFDB2FBC3}.Debug|Any CPU.ActiveCfg = Debug|Any CPU
		{740E4B68-2122-45FC-A5E8-F10CFDB2FBC3}.Debug|Any CPU.Build.0 = Debug|Any CPU
		{740E4B68-2122-45FC-A5E8-F10CFDB2FBC3}.Release|Any CPU.ActiveCfg = Release|Any CPU
		{740E4B68-2122-45FC-A5E8-F10CFDB2FBC3}.Release|Any CPU.Build.0 = Release|Any CPU
		{CBCAAFB2-DBEB-4F7B-81BD-B5DC7D0012E0}.Debug|Any CPU.ActiveCfg = Debug|Any CPU
		{CBCAAFB2-DBEB-4F7B-81BD-B5DC7D0012E0}.Debug|Any CPU.Build.0 = Debug|Any CPU
		{CBCAAFB2-DBEB-4F7B-81BD-B5DC7D0012E0}.Release|Any CPU.ActiveCfg = Release|Any CPU
		{CBCAAFB2-DBEB-4F7B-81BD-B5DC7D0012E0}.Release|Any CPU.Build.0 = Release|Any CPU
		{782A195D-46D4-4436-9885-D9E481FEFED6}.Debug|Any CPU.ActiveCfg = Debug|Any CPU
		{782A195D-46D4-4436-9885-D9E481FEFED6}.Debug|Any CPU.Build.0 = Debug|Any CPU
		{782A195D-46D4-4436-9885-D9E481FEFED6}.Release|Any CPU.ActiveCfg = Release|Any CPU
		{782A195D-46D4-4436-9885-D9E481FEFED6}.Release|Any CPU.Build.0 = Release|Any CPU
		{E530208A-4E75-46B0-97F6-BF125C6D8E96}.Debug|Any CPU.ActiveCfg = Debug|Any CPU
		{E530208A-4E75-46B0-97F6-BF125C6D8E96}.Debug|Any CPU.Build.0 = Debug|Any CPU
		{E530208A-4E75-46B0-97F6-BF125C6D8E96}.Release|Any CPU.ActiveCfg = Release|Any CPU
		{E530208A-4E75-46B0-97F6-BF125C6D8E96}.Release|Any CPU.Build.0 = Release|Any CPU
		{599B4AF9-26F0-4551-BFF8-AA2DA0076264}.Debug|Any CPU.ActiveCfg = Debug|Any CPU
		{599B4AF9-26F0-4551-BFF8-AA2DA0076264}.Debug|Any CPU.Build.0 = Debug|Any CPU
		{599B4AF9-26F0-4551-BFF8-AA2DA0076264}.Release|Any CPU.ActiveCfg = Release|Any CPU
		{599B4AF9-26F0-4551-BFF8-AA2DA0076264}.Release|Any CPU.Build.0 = Release|Any CPU
		{0FC3DA4B-7B49-45E9-B808-8694D6180815}.Debug|Any CPU.ActiveCfg = Debug|Any CPU
		{0FC3DA4B-7B49-45E9-B808-8694D6180815}.Debug|Any CPU.Build.0 = Debug|Any CPU
		{0FC3DA4B-7B49-45E9-B808-8694D6180815}.Release|Any CPU.ActiveCfg = Release|Any CPU
		{0FC3DA4B-7B49-45E9-B808-8694D6180815}.Release|Any CPU.Build.0 = Release|Any CPU
		{4004766A-487A-4556-ABAD-6B5377151165}.Debug|Any CPU.ActiveCfg = Debug|Any CPU
		{4004766A-487A-4556-ABAD-6B5377151165}.Debug|Any CPU.Build.0 = Debug|Any CPU
		{4004766A-487A-4556-ABAD-6B5377151165}.Release|Any CPU.ActiveCfg = Release|Any CPU
		{4004766A-487A-4556-ABAD-6B5377151165}.Release|Any CPU.Build.0 = Release|Any CPU
		{D8B1298D-CD92-4EE3-B0B9-B9B382B74240}.Debug|Any CPU.ActiveCfg = Debug|Any CPU
		{D8B1298D-CD92-4EE3-B0B9-B9B382B74240}.Debug|Any CPU.Build.0 = Debug|Any CPU
		{D8B1298D-CD92-4EE3-B0B9-B9B382B74240}.Release|Any CPU.ActiveCfg = Release|Any CPU
		{D8B1298D-CD92-4EE3-B0B9-B9B382B74240}.Release|Any CPU.Build.0 = Release|Any CPU
		{44CF1BA7-705B-4F10-94BD-12824BD08C76}.Debug|Any CPU.ActiveCfg = Debug|Any CPU
		{44CF1BA7-705B-4F10-94BD-12824BD08C76}.Debug|Any CPU.Build.0 = Debug|Any CPU
		{44CF1BA7-705B-4F10-94BD-12824BD08C76}.Release|Any CPU.ActiveCfg = Release|Any CPU
		{44CF1BA7-705B-4F10-94BD-12824BD08C76}.Release|Any CPU.Build.0 = Release|Any CPU
		{071F81FB-7471-40DF-8AD4-4ACE73BEA0F4}.Debug|Any CPU.ActiveCfg = Debug|Any CPU
		{071F81FB-7471-40DF-8AD4-4ACE73BEA0F4}.Debug|Any CPU.Build.0 = Debug|Any CPU
		{071F81FB-7471-40DF-8AD4-4ACE73BEA0F4}.Release|Any CPU.ActiveCfg = Release|Any CPU
		{071F81FB-7471-40DF-8AD4-4ACE73BEA0F4}.Release|Any CPU.Build.0 = Release|Any CPU
		{FC2442F2-86BE-4911-BAA3-D11562CD8C27}.Debug|Any CPU.ActiveCfg = Debug|Any CPU
		{FC2442F2-86BE-4911-BAA3-D11562CD8C27}.Debug|Any CPU.Build.0 = Debug|Any CPU
		{FC2442F2-86BE-4911-BAA3-D11562CD8C27}.Release|Any CPU.ActiveCfg = Release|Any CPU
		{FC2442F2-86BE-4911-BAA3-D11562CD8C27}.Release|Any CPU.Build.0 = Release|Any CPU
		{C37C7781-5D38-488D-AE4E-EA1C9B14E8E4}.Debug|Any CPU.ActiveCfg = Debug|Any CPU
		{C37C7781-5D38-488D-AE4E-EA1C9B14E8E4}.Debug|Any CPU.Build.0 = Debug|Any CPU
		{C37C7781-5D38-488D-AE4E-EA1C9B14E8E4}.Release|Any CPU.ActiveCfg = Release|Any CPU
		{C37C7781-5D38-488D-AE4E-EA1C9B14E8E4}.Release|Any CPU.Build.0 = Release|Any CPU
		{ADD7324A-DF34-4D2D-B4C4-7D8EBEFC0966}.Debug|Any CPU.ActiveCfg = Debug|Any CPU
		{ADD7324A-DF34-4D2D-B4C4-7D8EBEFC0966}.Debug|Any CPU.Build.0 = Debug|Any CPU
		{ADD7324A-DF34-4D2D-B4C4-7D8EBEFC0966}.Release|Any CPU.ActiveCfg = Release|Any CPU
		{ADD7324A-DF34-4D2D-B4C4-7D8EBEFC0966}.Release|Any CPU.Build.0 = Release|Any CPU
		{DD87ED91-5947-4439-B2D3-E5DFED046F96}.Debug|Any CPU.ActiveCfg = Debug|Any CPU
		{DD87ED91-5947-4439-B2D3-E5DFED046F96}.Debug|Any CPU.Build.0 = Debug|Any CPU
		{DD87ED91-5947-4439-B2D3-E5DFED046F96}.Release|Any CPU.ActiveCfg = Release|Any CPU
		{DD87ED91-5947-4439-B2D3-E5DFED046F96}.Release|Any CPU.Build.0 = Release|Any CPU
		{9C663112-B331-404C-8A17-6CD4CB035C60}.Debug|Any CPU.ActiveCfg = Debug|Any CPU
		{9C663112-B331-404C-8A17-6CD4CB035C60}.Debug|Any CPU.Build.0 = Debug|Any CPU
		{9C663112-B331-404C-8A17-6CD4CB035C60}.Release|Any CPU.ActiveCfg = Release|Any CPU
		{9C663112-B331-404C-8A17-6CD4CB035C60}.Release|Any CPU.Build.0 = Release|Any CPU
		{7E6A9D79-C712-4A2A-B7AC-E6123024D6F3}.Debug|Any CPU.ActiveCfg = Debug|Any CPU
		{7E6A9D79-C712-4A2A-B7AC-E6123024D6F3}.Debug|Any CPU.Build.0 = Debug|Any CPU
		{7E6A9D79-C712-4A2A-B7AC-E6123024D6F3}.Release|Any CPU.ActiveCfg = Release|Any CPU
		{7E6A9D79-C712-4A2A-B7AC-E6123024D6F3}.Release|Any CPU.Build.0 = Release|Any CPU
		{4A69C765-62C2-478E-9A0B-B90F260C13B4}.Debug|Any CPU.ActiveCfg = Debug|Any CPU
		{4A69C765-62C2-478E-9A0B-B90F260C13B4}.Debug|Any CPU.Build.0 = Debug|Any CPU
		{4A69C765-62C2-478E-9A0B-B90F260C13B4}.Release|Any CPU.ActiveCfg = Release|Any CPU
		{4A69C765-62C2-478E-9A0B-B90F260C13B4}.Release|Any CPU.Build.0 = Release|Any CPU
		{F8D91EDE-B6EA-42BB-BCFA-B60E91C89B87}.Debug|Any CPU.ActiveCfg = Debug|Any CPU
		{F8D91EDE-B6EA-42BB-BCFA-B60E91C89B87}.Debug|Any CPU.Build.0 = Debug|Any CPU
		{F8D91EDE-B6EA-42BB-BCFA-B60E91C89B87}.Release|Any CPU.ActiveCfg = Release|Any CPU
		{F8D91EDE-B6EA-42BB-BCFA-B60E91C89B87}.Release|Any CPU.Build.0 = Release|Any CPU
		{F2160150-D918-41D8-A995-E21F20AE289B}.Debug|Any CPU.ActiveCfg = Debug|Any CPU
		{F2160150-D918-41D8-A995-E21F20AE289B}.Debug|Any CPU.Build.0 = Debug|Any CPU
		{F2160150-D918-41D8-A995-E21F20AE289B}.Release|Any CPU.ActiveCfg = Release|Any CPU
		{F2160150-D918-41D8-A995-E21F20AE289B}.Release|Any CPU.Build.0 = Release|Any CPU
		{DE0F2343-627D-408B-9021-D90BD288D346}.Debug|Any CPU.ActiveCfg = Debug|Any CPU
		{DE0F2343-627D-408B-9021-D90BD288D346}.Debug|Any CPU.Build.0 = Debug|Any CPU
		{DE0F2343-627D-408B-9021-D90BD288D346}.Release|Any CPU.ActiveCfg = Release|Any CPU
		{DE0F2343-627D-408B-9021-D90BD288D346}.Release|Any CPU.Build.0 = Release|Any CPU
		{B9C7764B-FA5B-42C4-A3DB-ED842913C180}.Debug|Any CPU.ActiveCfg = Debug|Any CPU
		{B9C7764B-FA5B-42C4-A3DB-ED842913C180}.Debug|Any CPU.Build.0 = Debug|Any CPU
		{B9C7764B-FA5B-42C4-A3DB-ED842913C180}.Release|Any CPU.ActiveCfg = Release|Any CPU
		{B9C7764B-FA5B-42C4-A3DB-ED842913C180}.Release|Any CPU.Build.0 = Release|Any CPU
		{C20EB45B-39A0-4D24-A605-6A922D9F8DB9}.Debug|Any CPU.ActiveCfg = Debug|Any CPU
		{C20EB45B-39A0-4D24-A605-6A922D9F8DB9}.Debug|Any CPU.Build.0 = Debug|Any CPU
		{C20EB45B-39A0-4D24-A605-6A922D9F8DB9}.Release|Any CPU.ActiveCfg = Release|Any CPU
		{C20EB45B-39A0-4D24-A605-6A922D9F8DB9}.Release|Any CPU.Build.0 = Release|Any CPU
		{3D50D186-A51E-4D6E-9A15-6209D3AAB23A}.Debug|Any CPU.ActiveCfg = Debug|Any CPU
		{3D50D186-A51E-4D6E-9A15-6209D3AAB23A}.Debug|Any CPU.Build.0 = Debug|Any CPU
		{3D50D186-A51E-4D6E-9A15-6209D3AAB23A}.Release|Any CPU.ActiveCfg = Release|Any CPU
		{3D50D186-A51E-4D6E-9A15-6209D3AAB23A}.Release|Any CPU.Build.0 = Release|Any CPU
		{53DA226F-D434-423C-9125-C440862BD462}.Debug|Any CPU.ActiveCfg = Debug|Any CPU
		{53DA226F-D434-423C-9125-C440862BD462}.Debug|Any CPU.Build.0 = Debug|Any CPU
		{53DA226F-D434-423C-9125-C440862BD462}.Release|Any CPU.ActiveCfg = Release|Any CPU
		{53DA226F-D434-423C-9125-C440862BD462}.Release|Any CPU.Build.0 = Release|Any CPU
	EndGlobalSection
	GlobalSection(SolutionProperties) = preSolution
		HideSolutionNode = FALSE
	EndGlobalSection
	GlobalSection(NestedProjects) = preSolution
		{F12E5310-104B-4EB3-BB1A-DFF8B2BD0740} = {94641B25-4597-40E4-A747-E93525248E16}
		{94641B25-4597-40E4-A747-E93525248E16} = {7BB1DAD3-9633-49FC-8054-ABFFE7F2C6B3}
		{FFD97A02-40D4-4601-BF29-15F833B931FF} = {7BB1DAD3-9633-49FC-8054-ABFFE7F2C6B3}
		{69685BDA-7A8D-48DA-BC5B-BE388C284206} = {7BB1DAD3-9633-49FC-8054-ABFFE7F2C6B3}
		{D275D45A-0252-432E-B961-79C8F31094E3} = {69685BDA-7A8D-48DA-BC5B-BE388C284206}
		{421350CC-6C38-4AAF-A77A-9C67DA14CA9D} = {69685BDA-7A8D-48DA-BC5B-BE388C284206}
		{A8D0A351-A081-438B-A91B-ABD9CE4EC866} = {69685BDA-7A8D-48DA-BC5B-BE388C284206}
		{DCEBBB06-5955-4439-BC76-247903AF3C8F} = {69685BDA-7A8D-48DA-BC5B-BE388C284206}
		{6C79E24A-DE12-4B22-84B1-6E0BD9E77AD3} = {69685BDA-7A8D-48DA-BC5B-BE388C284206}
		{39602638-2800-4939-BB24-756D6E1DB991} = {69685BDA-7A8D-48DA-BC5B-BE388C284206}
		{21B6F206-A439-4F67-8376-D70E06FA2AE9} = {69685BDA-7A8D-48DA-BC5B-BE388C284206}
		{FA130995-B0FA-49B3-B12E-A24D07EB18D6} = {69685BDA-7A8D-48DA-BC5B-BE388C284206}
		{CCE51262-3798-41EE-992D-6F6BBBC68327} = {69685BDA-7A8D-48DA-BC5B-BE388C284206}
		{DA96F9EF-07A3-4B21-87F1-05BC146261CA} = {69685BDA-7A8D-48DA-BC5B-BE388C284206}
		{2840A213-1D23-4695-9BFB-1567FBF181C5} = {69685BDA-7A8D-48DA-BC5B-BE388C284206}
		{4E08A689-F601-4F5D-804E-6D17202A8CD8} = {69685BDA-7A8D-48DA-BC5B-BE388C284206}
		{AF920532-DFC7-4E8D-9E9A-EAF2CF090DDB} = {69685BDA-7A8D-48DA-BC5B-BE388C284206}
		{F022B13B-4A3B-4491-88EF-D8DBB8D3E467} = {69685BDA-7A8D-48DA-BC5B-BE388C284206}
		{E042544E-1D06-4E7D-B1CC-035C7A8C9EB0} = {69685BDA-7A8D-48DA-BC5B-BE388C284206}
		{8FA8DD5F-7B1C-4D18-93CA-D8A1ABCD0768} = {69685BDA-7A8D-48DA-BC5B-BE388C284206}
		{5AAB6EED-9ACB-465D-BD2F-260B10E57A43} = {69685BDA-7A8D-48DA-BC5B-BE388C284206}
		{82AA1023-DE03-4841-A70A-9E3265B46DE3} = {69685BDA-7A8D-48DA-BC5B-BE388C284206}
		{24806E89-6C14-4957-B92D-EC2C5B2E5E8D} = {69685BDA-7A8D-48DA-BC5B-BE388C284206}
		{14BA600A-C766-4A8B-BB4D-1D691C2D56A2} = {FFD97A02-40D4-4601-BF29-15F833B931FF}
		{8A331AE4-0B94-47A7-B176-ED2ADA656B6D} = {14BA600A-C766-4A8B-BB4D-1D691C2D56A2}
		{E02AF174-C688-493C-81CF-BEA727550BA2} = {14BA600A-C766-4A8B-BB4D-1D691C2D56A2}
		{4B3F8741-EA6A-4AF9-84E4-9161DC958502} = {14BA600A-C766-4A8B-BB4D-1D691C2D56A2}
		{0F4DF1FB-34CC-4A6E-929A-A93C35E753C5} = {14BA600A-C766-4A8B-BB4D-1D691C2D56A2}
		{2CD39EA7-D1BD-4969-8005-4C33271EE9E2} = {14BA600A-C766-4A8B-BB4D-1D691C2D56A2}
		{7891245C-5D43-438D-AA4C-0DFE7F9D0111} = {14BA600A-C766-4A8B-BB4D-1D691C2D56A2}
		{920DDF20-6340-4D6E-87BA-5AAFEC8AA718} = {14BA600A-C766-4A8B-BB4D-1D691C2D56A2}
		{E6E1420B-01AC-451C-B4E0-4B0A5CBAD33D} = {FFD97A02-40D4-4601-BF29-15F833B931FF}
		{FA03EA61-5967-4447-AA5C-750A7747C44B} = {E6E1420B-01AC-451C-B4E0-4B0A5CBAD33D}
		{05F2A374-40F0-4A7C-8A51-31DCAF424C43} = {E6E1420B-01AC-451C-B4E0-4B0A5CBAD33D}
		{B7F9D348-D1B7-448A-A6A6-BADC1A76F7CF} = {E6E1420B-01AC-451C-B4E0-4B0A5CBAD33D}
		{48FE7657-F249-4299-B044-F8C4562F0043} = {E6E1420B-01AC-451C-B4E0-4B0A5CBAD33D}
		{F7025DA3-B555-4FB9-A89E-00666771D720} = {E6E1420B-01AC-451C-B4E0-4B0A5CBAD33D}
		{34487FDB-536C-4140-B78C-395B9912F950} = {E6E1420B-01AC-451C-B4E0-4B0A5CBAD33D}
		{F96A734D-4ADD-446A-B3EF-CC5F8D655FB9} = {E6E1420B-01AC-451C-B4E0-4B0A5CBAD33D}
		{558851B4-476C-4FDF-854E-AE9B72C1815E} = {E6E1420B-01AC-451C-B4E0-4B0A5CBAD33D}
		{8DD09FCC-DB3F-4AB6-87F3-0D4996F26D87} = {E6E1420B-01AC-451C-B4E0-4B0A5CBAD33D}
		{BBCDFC42-CF66-4A57-81A1-A54E3351F045} = {FFD97A02-40D4-4601-BF29-15F833B931FF}
		{740E4B68-2122-45FC-A5E8-F10CFDB2FBC3} = {BBCDFC42-CF66-4A57-81A1-A54E3351F045}
		{CBCAAFB2-DBEB-4F7B-81BD-B5DC7D0012E0} = {BBCDFC42-CF66-4A57-81A1-A54E3351F045}
		{782A195D-46D4-4436-9885-D9E481FEFED6} = {BBCDFC42-CF66-4A57-81A1-A54E3351F045}
		{E530208A-4E75-46B0-97F6-BF125C6D8E96} = {BBCDFC42-CF66-4A57-81A1-A54E3351F045}
		{599B4AF9-26F0-4551-BFF8-AA2DA0076264} = {BBCDFC42-CF66-4A57-81A1-A54E3351F045}
		{0FC3DA4B-7B49-45E9-B808-8694D6180815} = {BBCDFC42-CF66-4A57-81A1-A54E3351F045}
		{4004766A-487A-4556-ABAD-6B5377151165} = {BBCDFC42-CF66-4A57-81A1-A54E3351F045}
		{77DDC419-E9F8-46DD-BEDF-79492D472254} = {FFD97A02-40D4-4601-BF29-15F833B931FF}
		{D8B1298D-CD92-4EE3-B0B9-B9B382B74240} = {77DDC419-E9F8-46DD-BEDF-79492D472254}
		{44CF1BA7-705B-4F10-94BD-12824BD08C76} = {77DDC419-E9F8-46DD-BEDF-79492D472254}
		{071F81FB-7471-40DF-8AD4-4ACE73BEA0F4} = {77DDC419-E9F8-46DD-BEDF-79492D472254}
		{FC2442F2-86BE-4911-BAA3-D11562CD8C27} = {77DDC419-E9F8-46DD-BEDF-79492D472254}
		{A9CB4C4C-53E6-41C2-B1C3-C7A0BFF3B15C} = {FFD97A02-40D4-4601-BF29-15F833B931FF}
		{C37C7781-5D38-488D-AE4E-EA1C9B14E8E4} = {24806E89-6C14-4957-B92D-EC2C5B2E5E8D}
		{ADD7324A-DF34-4D2D-B4C4-7D8EBEFC0966} = {24806E89-6C14-4957-B92D-EC2C5B2E5E8D}
		{DD87ED91-5947-4439-B2D3-E5DFED046F96} = {24806E89-6C14-4957-B92D-EC2C5B2E5E8D}
		{9C663112-B331-404C-8A17-6CD4CB035C60} = {24806E89-6C14-4957-B92D-EC2C5B2E5E8D}
		{7E6A9D79-C712-4A2A-B7AC-E6123024D6F3} = {24806E89-6C14-4957-B92D-EC2C5B2E5E8D}
		{4A69C765-62C2-478E-9A0B-B90F260C13B4} = {24806E89-6C14-4957-B92D-EC2C5B2E5E8D}
		{F8D91EDE-B6EA-42BB-BCFA-B60E91C89B87} = {24806E89-6C14-4957-B92D-EC2C5B2E5E8D}
		{F2160150-D918-41D8-A995-E21F20AE289B} = {24806E89-6C14-4957-B92D-EC2C5B2E5E8D}
		{DE0F2343-627D-408B-9021-D90BD288D346} = {24806E89-6C14-4957-B92D-EC2C5B2E5E8D}
		{B9C7764B-FA5B-42C4-A3DB-ED842913C180} = {24806E89-6C14-4957-B92D-EC2C5B2E5E8D}
		{C20EB45B-39A0-4D24-A605-6A922D9F8DB9} = {24806E89-6C14-4957-B92D-EC2C5B2E5E8D}
		{3D50D186-A51E-4D6E-9A15-6209D3AAB23A} = {24806E89-6C14-4957-B92D-EC2C5B2E5E8D}
		{53DA226F-D434-423C-9125-C440862BD462} = {24806E89-6C14-4957-B92D-EC2C5B2E5E8D}
	EndGlobalSection
	GlobalSection(ExtensibilityGlobals) = postSolution
		SolutionGuid = {699E7596-8FB0-438B-AA7A-32DF10D45DD0}
	EndGlobalSection
EndGlobal
