
Microsoft Visual Studio Solution File, Format Version 12.00
# Visual Studio Version 17
VisualStudioVersion = 17.10.35122.118
MinimumVisualStudioVersion = 10.0.40219.1
Project("{9A19103F-16F7-4668-BE54-9A1E7A4F7556}") = "TangShiDome", "TangShiDome\TangShiDome.csproj", "{F12E5310-104B-4EB3-BB1A-DFF8B2BD0740}"
EndProject
Project("{2150E333-8FDC-42A3-9474-1A3956D46DE8}") = "Tangshi_Dome", "Tangshi_Dome", "{94641B25-4597-40E4-A747-E93525248E16}"
EndProject
Project("{2150E333-8FDC-42A3-9474-1A3956D46DE8}") = "T_Dome", "T_Dome", "{FFD97A02-40D4-4601-BF29-15F833B931FF}"
EndProject
Project("{2150E333-8FDC-42A3-9474-1A3956D46DE8}") = "My_Dome", "My_Dome", "{69685BDA-7A8D-48DA-BC5B-BE388C284206}"
EndProject
Project("{2150E333-8FDC-42A3-9474-1A3956D46DE8}") = "CSharp", "CSharp", "{7BB1DAD3-9633-49FC-8054-ABFFE7F2C6B3}"
EndProject
Project("{2150E333-8FDC-42A3-9474-1A3956D46DE8}") = "试听", "试听", "{24806E89-6C14-4957-B92D-EC2C5B2E5E8D}"
EndProject
Project("{9A19103F-16F7-4668-BE54-9A1E7A4F7556}") = "第一天", "MyDome\C#_dome\第一天\第一天.csproj", "{41D6AB84-BEB5-408D-BFE6-97249E6F3D0B}"
EndProject
Project("{9A19103F-16F7-4668-BE54-9A1E7A4F7556}") = "第二天", "MyDome\C#_dome\第二天\第二天.csproj", "{A46E6C8F-C749-4058-8AD6-762D6A13769C}"
EndProject
Project("{9A19103F-16F7-4668-BE54-9A1E7A4F7556}") = "第三天", "MyDome\C#_dome\第三天\第三天.csproj", "{CACAC602-BA95-49DD-9A9C-7E084B9DC0F7}"
EndProject
Project("{9A19103F-16F7-4668-BE54-9A1E7A4F7556}") = "第四天", "MyDome\C#_dome\第四天\第四天.csproj", "{F5FA420F-4926-41A3-80C3-74AF5B914D11}"
EndProject
Project("{9A19103F-16F7-4668-BE54-9A1E7A4F7556}") = "第五天", "MyDome\C#_dome\第五天\第五天.csproj", "{6CE13EF0-3F57-4E1D-A9C3-E6AD3B7FDAF2}"
EndProject
Project("{9A19103F-16F7-4668-BE54-9A1E7A4F7556}") = "第六天", "MyDome\C#_dome\第六天\第六天.csproj", "{66A23E68-FE76-439E-A35B-99184147E2D3}"
EndProject
Project("{9A19103F-16F7-4668-BE54-9A1E7A4F7556}") = "第七天", "MyDome\C#_dome\第七天\第七天.csproj", "{2EDDC28B-7D02-4437-9CA3-D0D889F64ED9}"
EndProject
Project("{9A19103F-16F7-4668-BE54-9A1E7A4F7556}") = "第八天", "MyDome\C#_dome\第八天\第八天.csproj", "{6558C541-CA2C-45A0-91BC-59C554F3A2C2}"
EndProject
Project("{9A19103F-16F7-4668-BE54-9A1E7A4F7556}") = "第九天", "MyDome\C#_dome\第九天\第九天.csproj", "{9E44C632-62DE-4992-9FF4-BFA00EE2D89E}"
EndProject
Project("{9A19103F-16F7-4668-BE54-9A1E7A4F7556}") = "第十天", "MyDome\C#_dome\第十天\第十天.csproj", "{C12C1F19-7721-4F96-BF8A-0A4D39EBD2E7}"
EndProject
Project("{9A19103F-16F7-4668-BE54-9A1E7A4F7556}") = "第十一天", "MyDome\C#_dome\第十一天\第十一天.csproj", "{94695F6F-DFF6-4344-8719-5DDE13860670}"
EndProject
Project("{FAE04EC0-301F-11D3-BF4B-00C04F79EFBC}") = "窗体应用实践", "MyDome\C#_dome\窗体应用实践\窗体应用实践.csproj", "{CF4437DA-501E-49A6-B9BF-E6DDAD841D96}"
EndProject
Project("{FAE04EC0-301F-11D3-BF4B-00C04F79EFBC}") = "窗体应用的尝试", "MyDome\C#_dome\窗体应用的尝试\窗体应用的尝试.csproj", "{9E45C851-BDBD-4E68-8285-29CDA0929160}"
EndProject
Project("{2150E333-8FDC-42A3-9474-1A3956D46DE8}") = "8_27", "8_27", "{14BA600A-C766-4A8B-BB4D-1D691C2D56A2}"
EndProject
Project("{FAE04EC0-301F-11D3-BF4B-00C04F79EFBC}") = "01随机数", "TDome\8_27\01随机数\01随机数.csproj", "{8A331AE4-0B94-47A7-B176-ED2ADA656B6D}"
EndProject
Project("{FAE04EC0-301F-11D3-BF4B-00C04F79EFBC}") = "02时间类", "TDome\8_27\02时间类\02时间类.csproj", "{E02AF174-C688-493C-81CF-BEA727550BA2}"
EndProject
Project("{FAE04EC0-301F-11D3-BF4B-00C04F79EFBC}") = "03时间计算", "TDome\8_27\03时间计算\03时间计算.csproj", "{4B3F8741-EA6A-4AF9-84E4-9161DC958502}"
EndProject
Project("{FAE04EC0-301F-11D3-BF4B-00C04F79EFBC}") = "04结构体", "TDome\8_27\04结构体\04结构体.csproj", "{0F4DF1FB-34CC-4A6E-929A-A93C35E753C5}"
EndProject
Project("{FAE04EC0-301F-11D3-BF4B-00C04F79EFBC}") = "05枚举", "TDome\8_27\05枚举\05枚举.csproj", "{2CD39EA7-D1BD-4969-8005-4C33271EE9E2}"
EndProject
Project("{FAE04EC0-301F-11D3-BF4B-00C04F79EFBC}") = "06枚举类型转换", "TDome\8_27\06枚举类型转换\06枚举类型转换.csproj", "{7891245C-5D43-438D-AA4C-0DFE7F9D0111}"
EndProject
Project("{FAE04EC0-301F-11D3-BF4B-00C04F79EFBC}") = "07结构体结合枚举", "TDome\8_27\07结构体结合枚举\07结构体结合枚举.csproj", "{920DDF20-6340-4D6E-87BA-5AAFEC8AA718}"
EndProject
Project("{2150E333-8FDC-42A3-9474-1A3956D46DE8}") = "8_28", "8_28", "{E6E1420B-01AC-451C-B4E0-4B0A5CBAD33D}"
EndProject
Project("{FAE04EC0-301F-11D3-BF4B-00C04F79EFBC}") = "01数组", "TDome\8_28\01数组\01数组.csproj", "{FA03EA61-5967-4447-AA5C-750A7747C44B}"
EndProject
Project("{FAE04EC0-301F-11D3-BF4B-00C04F79EFBC}") = "02可空类型", "TDome\8_28\02可空类型\02可空类型.csproj", "{05F2A374-40F0-4A7C-8A51-31DCAF424C43}"
EndProject
Project("{FAE04EC0-301F-11D3-BF4B-00C04F79EFBC}") = "03数组题", "TDome\8_28\03数组题\03数组题.csproj", "{B7F9D348-D1B7-448A-A6A6-BADC1A76F7CF}"
EndProject
Project("{FAE04EC0-301F-11D3-BF4B-00C04F79EFBC}") = "04封装打印数组", "TDome\8_28\04封装打印数组\04封装打印数组.csproj", "{48FE7657-F249-4299-B044-F8C4562F0043}"
EndProject
Project("{FAE04EC0-301F-11D3-BF4B-00C04F79EFBC}") = "05GUID唯一标识", "TDome\8_28\05GUID唯一标识\05GUID唯一标识.csproj", "{F7025DA3-B555-4FB9-A89E-00666771D720}"
EndProject
Project("{FAE04EC0-301F-11D3-BF4B-00C04F79EFBC}") = "06foreach", "TDome\8_28\06foreach\06foreach.csproj", "{34487FDB-536C-4140-B78C-395B9912F950}"
EndProject
Project("{FAE04EC0-301F-11D3-BF4B-00C04F79EFBC}") = "07多维数组", "TDome\8_28\07多维数组\07多维数组.csproj", "{F96A734D-4ADD-446A-B3EF-CC5F8D655FB9}"
EndProject
Project("{FAE04EC0-301F-11D3-BF4B-00C04F79EFBC}") = "08冒泡排序", "TDome\8_28\08冒泡排序\08冒泡排序.csproj", "{558851B4-476C-4FDF-854E-AE9B72C1815E}"
EndProject
Project("{FAE04EC0-301F-11D3-BF4B-00C04F79EFBC}") = "昨天作业", "TDome\8_28\昨天作业\昨天作业.csproj", "{8DD09FCC-DB3F-4AB6-87F3-0D4996F26D87}"
EndProject
Project("{2150E333-8FDC-42A3-9474-1A3956D46DE8}") = "8_29", "8_29", "{BBCDFC42-CF66-4A57-81A1-A54E3351F045}"
EndProject
Project("{FAE04EC0-301F-11D3-BF4B-00C04F79EFBC}") = "01函数重载", "TDome\8_29\01函数重载\01函数重载.csproj", "{740E4B68-2122-45FC-A5E8-F10CFDB2FBC3}"
EndProject
Project("{FAE04EC0-301F-11D3-BF4B-00C04F79EFBC}") = "02递归", "TDome\8_29\02递归\02递归.csproj", "{CBCAAFB2-DBEB-4F7B-81BD-B5DC7D0012E0}"
EndProject
Project("{FAE04EC0-301F-11D3-BF4B-00C04F79EFBC}") = "03交错数组", "TDome\8_29\03交错数组\03交错数组.csproj", "{782A195D-46D4-4436-9885-D9E481FEFED6}"
EndProject
Project("{FAE04EC0-301F-11D3-BF4B-00C04F79EFBC}") = "04数组的属性和方法", "TDome\8_29\04数组的属性和方法\04数组的属性和方法.csproj", "{E530208A-4E75-46B0-97F6-BF125C6D8E96}"
EndProject
Project("{FAE04EC0-301F-11D3-BF4B-00C04F79EFBC}") = "05字符串的属性和方法", "TDome\8_29\05字符串的属性和方法\05字符串的属性和方法.csproj", "{599B4AF9-26F0-4551-BFF8-AA2DA0076264}"
EndProject
Project("{FAE04EC0-301F-11D3-BF4B-00C04F79EFBC}") = "06高阶函数", "TDome\8_29\06高阶函数\06高阶函数.csproj", "{0FC3DA4B-7B49-45E9-B808-8694D6180815}"
EndProject
Project("{FAE04EC0-301F-11D3-BF4B-00C04F79EFBC}") = "作业", "TDome\8_29\作业\作业.csproj", "{4004766A-487A-4556-ABAD-6B5377151165}"
EndProject
Project("{2150E333-8FDC-42A3-9474-1A3956D46DE8}") = "8_30", "8_30", "{77DDC419-E9F8-46DD-BEDF-79492D472254}"
EndProject
Project("{FAE04EC0-301F-11D3-BF4B-00C04F79EFBC}") = "01复习高阶函数", "TDome\8_30\01复习高阶函数\01复习高阶函数.csproj", "{D8B1298D-CD92-4EE3-B0B9-B9B382B74240}"
EndProject
Project("{FAE04EC0-301F-11D3-BF4B-00C04F79EFBC}") = "02有参数的高阶函数", "TDome\8_30\02有参数的高阶函数\02有参数的高阶函数.csproj", "{44CF1BA7-705B-4F10-94BD-12824BD08C76}"
EndProject
Project("{FAE04EC0-301F-11D3-BF4B-00C04F79EFBC}") = "03有参数有返回值的时候", "TDome\8_30\03有参数有返回值的时候\03有参数有返回值的时候.csproj", "{071F81FB-7471-40DF-8AD4-4ACE73BEA0F4}"
EndProject
Project("{FAE04EC0-301F-11D3-BF4B-00C04F79EFBC}") = "昨天作业", "TDome\8_30\昨天作业\昨天作业.csproj", "{FC2442F2-86BE-4911-BAA3-D11562CD8C27}"
EndProject
Project("{2150E333-8FDC-42A3-9474-1A3956D46DE8}") = "BeforT", "BeforT", "{A9CB4C4C-53E6-41C2-B1C3-C7A0BFF3B15C}"
	ProjectSection(SolutionItems) = preProject
		TDome\BeforT.rar = TDome\BeforT.rar
	EndProjectSection
EndProject
Project("{9A19103F-16F7-4668-BE54-9A1E7A4F7556}") = "8.28", "MyDome\_8.28\8.28.csproj", "{018CBC83-D0DA-4B6C-8600-53D8F359B339}"
EndProject
Project("{9A19103F-16F7-4668-BE54-9A1E7A4F7556}") = "8_29", "MyDome\_8_29\8_29.csproj", "{CA88FF79-10AF-4526-82DC-B709244A88DF}"
EndProject
Project("{9A19103F-16F7-4668-BE54-9A1E7A4F7556}") = "8_23作业", "MyDome\8_23作业\8_23作业.csproj", "{06316EE5-8F88-4597-9DA7-181E74639CC1}"
EndProject
Project("{9A19103F-16F7-4668-BE54-9A1E7A4F7556}") = "8_27", "MyDome\8_27\8_27.csproj", "{855AFA9D-D149-4FE8-A860-D9F65BA36DE0}"
EndProject
Project("{9A19103F-16F7-4668-BE54-9A1E7A4F7556}") = "8_27作业", "MyDome\8_27作业\8_27作业.csproj", "{525B1239-1DC7-448C-9905-FF47BA7325A2}"
EndProject
Project("{9A19103F-16F7-4668-BE54-9A1E7A4F7556}") = "8_28作业", "MyDome\8_28作业\8_28作业.csproj", "{FCD82C98-7DA4-444C-B1B6-63EDFE060986}"
EndProject
Project("{9A19103F-16F7-4668-BE54-9A1E7A4F7556}") = "8_29作业", "MyDome\8_29作业\8_29作业.csproj", "{E6A0CE9D-351C-4D70-93FA-8267846B8C33}"
EndProject
Project("{9A19103F-16F7-4668-BE54-9A1E7A4F7556}") = "8_30_作业1", "MyDome\8_30_作业1\8_30_作业1.csproj", "{CED01540-CFFC-4B44-A278-D460F79B2653}"
EndProject
Project("{FAE04EC0-301F-11D3-BF4B-00C04F79EFBC}") = "WindowsFormsApp1", "MyDome\WindowsFormsApp1\WindowsFormsApp1.csproj", "{CCE51262-3798-41EE-992D-6F6BBBC68327}"
EndProject
Project("{9A19103F-16F7-4668-BE54-9A1E7A4F7556}") = "高阶函数", "MyDome\高阶函数\高阶函数.csproj", "{1FAE5422-D5B1-476F-B133-7CECA374B404}"
EndProject
Project("{9A19103F-16F7-4668-BE54-9A1E7A4F7556}") = "函数", "MyDome\函数\函数.csproj", "{871680FC-F9FE-4EA9-B7ED-BE66F58AD0BE}"
EndProject
Project("{9A19103F-16F7-4668-BE54-9A1E7A4F7556}") = "结构体", "MyDome\结构体\结构体.csproj", "{87690484-ECD2-4E24-BF55-EC9333ED6C0E}"
EndProject
Project("{9A19103F-16F7-4668-BE54-9A1E7A4F7556}") = "结构体和枚举结合", "MyDome\结构体和枚举结合\结构体和枚举结合.csproj", "{46118CE2-DE86-4E8E-BC3E-CA1E60FD6F10}"
EndProject
Project("{9A19103F-16F7-4668-BE54-9A1E7A4F7556}") = "枚举", "MyDome\枚举\枚举.csproj", "{C0EE21DE-B2E5-40B0-BF3C-ABE7993950CB}"
EndProject
Project("{9A19103F-16F7-4668-BE54-9A1E7A4F7556}") = "面向对象", "MyDome\面向对象\面向对象.csproj", "{2A4D2788-7868-4463-9281-A2461A79F4A8}"
EndProject
Project("{9A19103F-16F7-4668-BE54-9A1E7A4F7556}") = "数组", "MyDome\数组\数组.csproj", "{4CE1E62A-29E5-44D7-8992-EAC8560A3EC1}"
EndProject
Project("{9A19103F-16F7-4668-BE54-9A1E7A4F7556}") = "冒泡排序和选择排序练习以及注意事项", "MyDome\选择排序练习\冒泡排序和选择排序练习以及注意事项.csproj", "{94F32AE5-71AD-47CE-AB8A-5F39F22D0769}"
EndProject
Project("{9A19103F-16F7-4668-BE54-9A1E7A4F7556}") = "字符串的方法属性", "MyDome\字符串的方法属性\字符串的方法属性.csproj", "{B8158C51-219E-4059-BE38-A6E5615DB397}"
EndProject
Global
	GlobalSection(SolutionConfigurationPlatforms) = preSolution
		Debug|Any CPU = Debug|Any CPU
		Release|Any CPU = Release|Any CPU
	EndGlobalSection
	GlobalSection(ProjectConfigurationPlatforms) = postSolution
		{F12E5310-104B-4EB3-BB1A-DFF8B2BD0740}.Debug|Any CPU.ActiveCfg = Debug|Any CPU
		{F12E5310-104B-4EB3-BB1A-DFF8B2BD0740}.Debug|Any CPU.Build.0 = Debug|Any CPU
		{F12E5310-104B-4EB3-BB1A-DFF8B2BD0740}.Release|Any CPU.ActiveCfg = Release|Any CPU
		{F12E5310-104B-4EB3-BB1A-DFF8B2BD0740}.Release|Any CPU.Build.0 = Release|Any CPU
		{41D6AB84-BEB5-408D-BFE6-97249E6F3D0B}.Debug|Any CPU.ActiveCfg = Debug|Any CPU
		{41D6AB84-BEB5-408D-BFE6-97249E6F3D0B}.Debug|Any CPU.Build.0 = Debug|Any CPU
		{41D6AB84-BEB5-408D-BFE6-97249E6F3D0B}.Release|Any CPU.ActiveCfg = Release|Any CPU
		{41D6AB84-BEB5-408D-BFE6-97249E6F3D0B}.Release|Any CPU.Build.0 = Release|Any CPU
		{A46E6C8F-C749-4058-8AD6-762D6A13769C}.Debug|Any CPU.ActiveCfg = Debug|Any CPU
		{A46E6C8F-C749-4058-8AD6-762D6A13769C}.Debug|Any CPU.Build.0 = Debug|Any CPU
		{A46E6C8F-C749-4058-8AD6-762D6A13769C}.Release|Any CPU.ActiveCfg = Release|Any CPU
		{A46E6C8F-C749-4058-8AD6-762D6A13769C}.Release|Any CPU.Build.0 = Release|Any CPU
		{CACAC602-BA95-49DD-9A9C-7E084B9DC0F7}.Debug|Any CPU.ActiveCfg = Debug|Any CPU
		{CACAC602-BA95-49DD-9A9C-7E084B9DC0F7}.Debug|Any CPU.Build.0 = Debug|Any CPU
		{CACAC602-BA95-49DD-9A9C-7E084B9DC0F7}.Release|Any CPU.ActiveCfg = Release|Any CPU
		{CACAC602-BA95-49DD-9A9C-7E084B9DC0F7}.Release|Any CPU.Build.0 = Release|Any CPU
		{F5FA420F-4926-41A3-80C3-74AF5B914D11}.Debug|Any CPU.ActiveCfg = Debug|Any CPU
		{F5FA420F-4926-41A3-80C3-74AF5B914D11}.Debug|Any CPU.Build.0 = Debug|Any CPU
		{F5FA420F-4926-41A3-80C3-74AF5B914D11}.Release|Any CPU.ActiveCfg = Release|Any CPU
		{F5FA420F-4926-41A3-80C3-74AF5B914D11}.Release|Any CPU.Build.0 = Release|Any CPU
		{6CE13EF0-3F57-4E1D-A9C3-E6AD3B7FDAF2}.Debug|Any CPU.ActiveCfg = Debug|Any CPU
		{6CE13EF0-3F57-4E1D-A9C3-E6AD3B7FDAF2}.Debug|Any CPU.Build.0 = Debug|Any CPU
		{6CE13EF0-3F57-4E1D-A9C3-E6AD3B7FDAF2}.Release|Any CPU.ActiveCfg = Release|Any CPU
		{6CE13EF0-3F57-4E1D-A9C3-E6AD3B7FDAF2}.Release|Any CPU.Build.0 = Release|Any CPU
		{66A23E68-FE76-439E-A35B-99184147E2D3}.Debug|Any CPU.ActiveCfg = Debug|Any CPU
		{66A23E68-FE76-439E-A35B-99184147E2D3}.Debug|Any CPU.Build.0 = Debug|Any CPU
		{66A23E68-FE76-439E-A35B-99184147E2D3}.Release|Any CPU.ActiveCfg = Release|Any CPU
		{66A23E68-FE76-439E-A35B-99184147E2D3}.Release|Any CPU.Build.0 = Release|Any CPU
		{2EDDC28B-7D02-4437-9CA3-D0D889F64ED9}.Debug|Any CPU.ActiveCfg = Debug|Any CPU
		{2EDDC28B-7D02-4437-9CA3-D0D889F64ED9}.Debug|Any CPU.Build.0 = Debug|Any CPU
		{2EDDC28B-7D02-4437-9CA3-D0D889F64ED9}.Release|Any CPU.ActiveCfg = Release|Any CPU
		{2EDDC28B-7D02-4437-9CA3-D0D889F64ED9}.Release|Any CPU.Build.0 = Release|Any CPU
		{6558C541-CA2C-45A0-91BC-59C554F3A2C2}.Debug|Any CPU.ActiveCfg = Debug|Any CPU
		{6558C541-CA2C-45A0-91BC-59C554F3A2C2}.Debug|Any CPU.Build.0 = Debug|Any CPU
		{6558C541-CA2C-45A0-91BC-59C554F3A2C2}.Release|Any CPU.ActiveCfg = Release|Any CPU
		{6558C541-CA2C-45A0-91BC-59C554F3A2C2}.Release|Any CPU.Build.0 = Release|Any CPU
		{9E44C632-62DE-4992-9FF4-BFA00EE2D89E}.Debug|Any CPU.ActiveCfg = Debug|Any CPU
		{9E44C632-62DE-4992-9FF4-BFA00EE2D89E}.Debug|Any CPU.Build.0 = Debug|Any CPU
		{9E44C632-62DE-4992-9FF4-BFA00EE2D89E}.Release|Any CPU.ActiveCfg = Release|Any CPU
		{9E44C632-62DE-4992-9FF4-BFA00EE2D89E}.Release|Any CPU.Build.0 = Release|Any CPU
		{C12C1F19-7721-4F96-BF8A-0A4D39EBD2E7}.Debug|Any CPU.ActiveCfg = Debug|Any CPU
		{C12C1F19-7721-4F96-BF8A-0A4D39EBD2E7}.Debug|Any CPU.Build.0 = Debug|Any CPU
		{C12C1F19-7721-4F96-BF8A-0A4D39EBD2E7}.Release|Any CPU.ActiveCfg = Release|Any CPU
		{C12C1F19-7721-4F96-BF8A-0A4D39EBD2E7}.Release|Any CPU.Build.0 = Release|Any CPU
		{94695F6F-DFF6-4344-8719-5DDE13860670}.Debug|Any CPU.ActiveCfg = Debug|Any CPU
		{94695F6F-DFF6-4344-8719-5DDE13860670}.Debug|Any CPU.Build.0 = Debug|Any CPU
		{94695F6F-DFF6-4344-8719-5DDE13860670}.Release|Any CPU.ActiveCfg = Release|Any CPU
		{94695F6F-DFF6-4344-8719-5DDE13860670}.Release|Any CPU.Build.0 = Release|Any CPU
		{CF4437DA-501E-49A6-B9BF-E6DDAD841D96}.Debug|Any CPU.ActiveCfg = Debug|Any CPU
		{CF4437DA-501E-49A6-B9BF-E6DDAD841D96}.Debug|Any CPU.Build.0 = Debug|Any CPU
		{CF4437DA-501E-49A6-B9BF-E6DDAD841D96}.Release|Any CPU.ActiveCfg = Release|Any CPU
		{CF4437DA-501E-49A6-B9BF-E6DDAD841D96}.Release|Any CPU.Build.0 = Release|Any CPU
		{9E45C851-BDBD-4E68-8285-29CDA0929160}.Debug|Any CPU.ActiveCfg = Debug|Any CPU
		{9E45C851-BDBD-4E68-8285-29CDA0929160}.Debug|Any CPU.Build.0 = Debug|Any CPU
		{9E45C851-BDBD-4E68-8285-29CDA0929160}.Release|Any CPU.ActiveCfg = Release|Any CPU
		{9E45C851-BDBD-4E68-8285-29CDA0929160}.Release|Any CPU.Build.0 = Release|Any CPU
		{8A331AE4-0B94-47A7-B176-ED2ADA656B6D}.Debug|Any CPU.ActiveCfg = Debug|Any CPU
		{8A331AE4-0B94-47A7-B176-ED2ADA656B6D}.Debug|Any CPU.Build.0 = Debug|Any CPU
		{8A331AE4-0B94-47A7-B176-ED2ADA656B6D}.Release|Any CPU.ActiveCfg = Release|Any CPU
		{8A331AE4-0B94-47A7-B176-ED2ADA656B6D}.Release|Any CPU.Build.0 = Release|Any CPU
		{E02AF174-C688-493C-81CF-BEA727550BA2}.Debug|Any CPU.ActiveCfg = Debug|Any CPU
		{E02AF174-C688-493C-81CF-BEA727550BA2}.Debug|Any CPU.Build.0 = Debug|Any CPU
		{E02AF174-C688-493C-81CF-BEA727550BA2}.Release|Any CPU.ActiveCfg = Release|Any CPU
		{E02AF174-C688-493C-81CF-BEA727550BA2}.Release|Any CPU.Build.0 = Release|Any CPU
		{4B3F8741-EA6A-4AF9-84E4-9161DC958502}.Debug|Any CPU.ActiveCfg = Debug|Any CPU
		{4B3F8741-EA6A-4AF9-84E4-9161DC958502}.Debug|Any CPU.Build.0 = Debug|Any CPU
		{4B3F8741-EA6A-4AF9-84E4-9161DC958502}.Release|Any CPU.ActiveCfg = Release|Any CPU
		{4B3F8741-EA6A-4AF9-84E4-9161DC958502}.Release|Any CPU.Build.0 = Release|Any CPU
		{0F4DF1FB-34CC-4A6E-929A-A93C35E753C5}.Debug|Any CPU.ActiveCfg = Debug|Any CPU
		{0F4DF1FB-34CC-4A6E-929A-A93C35E753C5}.Debug|Any CPU.Build.0 = Debug|Any CPU
		{0F4DF1FB-34CC-4A6E-929A-A93C35E753C5}.Release|Any CPU.ActiveCfg = Release|Any CPU
		{0F4DF1FB-34CC-4A6E-929A-A93C35E753C5}.Release|Any CPU.Build.0 = Release|Any CPU
		{2CD39EA7-D1BD-4969-8005-4C33271EE9E2}.Debug|Any CPU.ActiveCfg = Debug|Any CPU
		{2CD39EA7-D1BD-4969-8005-4C33271EE9E2}.Debug|Any CPU.Build.0 = Debug|Any CPU
		{2CD39EA7-D1BD-4969-8005-4C33271EE9E2}.Release|Any CPU.ActiveCfg = Release|Any CPU
		{2CD39EA7-D1BD-4969-8005-4C33271EE9E2}.Release|Any CPU.Build.0 = Release|Any CPU
		{7891245C-5D43-438D-AA4C-0DFE7F9D0111}.Debug|Any CPU.ActiveCfg = Debug|Any CPU
		{7891245C-5D43-438D-AA4C-0DFE7F9D0111}.Debug|Any CPU.Build.0 = Debug|Any CPU
		{7891245C-5D43-438D-AA4C-0DFE7F9D0111}.Release|Any CPU.ActiveCfg = Release|Any CPU
		{7891245C-5D43-438D-AA4C-0DFE7F9D0111}.Release|Any CPU.Build.0 = Release|Any CPU
		{920DDF20-6340-4D6E-87BA-5AAFEC8AA718}.Debug|Any CPU.ActiveCfg = Debug|Any CPU
		{920DDF20-6340-4D6E-87BA-5AAFEC8AA718}.Debug|Any CPU.Build.0 = Debug|Any CPU
		{920DDF20-6340-4D6E-87BA-5AAFEC8AA718}.Release|Any CPU.ActiveCfg = Release|Any CPU
		{920DDF20-6340-4D6E-87BA-5AAFEC8AA718}.Release|Any CPU.Build.0 = Release|Any CPU
		{FA03EA61-5967-4447-AA5C-750A7747C44B}.Debug|Any CPU.ActiveCfg = Debug|Any CPU
		{FA03EA61-5967-4447-AA5C-750A7747C44B}.Debug|Any CPU.Build.0 = Debug|Any CPU
		{FA03EA61-5967-4447-AA5C-750A7747C44B}.Release|Any CPU.ActiveCfg = Release|Any CPU
		{FA03EA61-5967-4447-AA5C-750A7747C44B}.Release|Any CPU.Build.0 = Release|Any CPU
		{05F2A374-40F0-4A7C-8A51-31DCAF424C43}.Debug|Any CPU.ActiveCfg = Debug|Any CPU
		{05F2A374-40F0-4A7C-8A51-31DCAF424C43}.Debug|Any CPU.Build.0 = Debug|Any CPU
		{05F2A374-40F0-4A7C-8A51-31DCAF424C43}.Release|Any CPU.ActiveCfg = Release|Any CPU
		{05F2A374-40F0-4A7C-8A51-31DCAF424C43}.Release|Any CPU.Build.0 = Release|Any CPU
		{B7F9D348-D1B7-448A-A6A6-BADC1A76F7CF}.Debug|Any CPU.ActiveCfg = Debug|Any CPU
		{B7F9D348-D1B7-448A-A6A6-BADC1A76F7CF}.Debug|Any CPU.Build.0 = Debug|Any CPU
		{B7F9D348-D1B7-448A-A6A6-BADC1A76F7CF}.Release|Any CPU.ActiveCfg = Release|Any CPU
		{B7F9D348-D1B7-448A-A6A6-BADC1A76F7CF}.Release|Any CPU.Build.0 = Release|Any CPU
		{48FE7657-F249-4299-B044-F8C4562F0043}.Debug|Any CPU.ActiveCfg = Debug|Any CPU
		{48FE7657-F249-4299-B044-F8C4562F0043}.Debug|Any CPU.Build.0 = Debug|Any CPU
		{48FE7657-F249-4299-B044-F8C4562F0043}.Release|Any CPU.ActiveCfg = Release|Any CPU
		{48FE7657-F249-4299-B044-F8C4562F0043}.Release|Any CPU.Build.0 = Release|Any CPU
		{F7025DA3-B555-4FB9-A89E-00666771D720}.Debug|Any CPU.ActiveCfg = Debug|Any CPU
		{F7025DA3-B555-4FB9-A89E-00666771D720}.Debug|Any CPU.Build.0 = Debug|Any CPU
		{F7025DA3-B555-4FB9-A89E-00666771D720}.Release|Any CPU.ActiveCfg = Release|Any CPU
		{F7025DA3-B555-4FB9-A89E-00666771D720}.Release|Any CPU.Build.0 = Release|Any CPU
		{34487FDB-536C-4140-B78C-395B9912F950}.Debug|Any CPU.ActiveCfg = Debug|Any CPU
		{34487FDB-536C-4140-B78C-395B9912F950}.Debug|Any CPU.Build.0 = Debug|Any CPU
		{34487FDB-536C-4140-B78C-395B9912F950}.Release|Any CPU.ActiveCfg = Release|Any CPU
		{34487FDB-536C-4140-B78C-395B9912F950}.Release|Any CPU.Build.0 = Release|Any CPU
		{F96A734D-4ADD-446A-B3EF-CC5F8D655FB9}.Debug|Any CPU.ActiveCfg = Debug|Any CPU
		{F96A734D-4ADD-446A-B3EF-CC5F8D655FB9}.Debug|Any CPU.Build.0 = Debug|Any CPU
		{F96A734D-4ADD-446A-B3EF-CC5F8D655FB9}.Release|Any CPU.ActiveCfg = Release|Any CPU
		{F96A734D-4ADD-446A-B3EF-CC5F8D655FB9}.Release|Any CPU.Build.0 = Release|Any CPU
		{558851B4-476C-4FDF-854E-AE9B72C1815E}.Debug|Any CPU.ActiveCfg = Debug|Any CPU
		{558851B4-476C-4FDF-854E-AE9B72C1815E}.Debug|Any CPU.Build.0 = Debug|Any CPU
		{558851B4-476C-4FDF-854E-AE9B72C1815E}.Release|Any CPU.ActiveCfg = Release|Any CPU
		{558851B4-476C-4FDF-854E-AE9B72C1815E}.Release|Any CPU.Build.0 = Release|Any CPU
		{8DD09FCC-DB3F-4AB6-87F3-0D4996F26D87}.Debug|Any CPU.ActiveCfg = Debug|Any CPU
		{8DD09FCC-DB3F-4AB6-87F3-0D4996F26D87}.Debug|Any CPU.Build.0 = Debug|Any CPU
		{8DD09FCC-DB3F-4AB6-87F3-0D4996F26D87}.Release|Any CPU.ActiveCfg = Release|Any CPU
		{8DD09FCC-DB3F-4AB6-87F3-0D4996F26D87}.Release|Any CPU.Build.0 = Release|Any CPU
		{740E4B68-2122-45FC-A5E8-F10CFDB2FBC3}.Debug|Any CPU.ActiveCfg = Debug|Any CPU
		{740E4B68-2122-45FC-A5E8-F10CFDB2FBC3}.Debug|Any CPU.Build.0 = Debug|Any CPU
		{740E4B68-2122-45FC-A5E8-F10CFDB2FBC3}.Release|Any CPU.ActiveCfg = Release|Any CPU
		{740E4B68-2122-45FC-A5E8-F10CFDB2FBC3}.Release|Any CPU.Build.0 = Release|Any CPU
		{CBCAAFB2-DBEB-4F7B-81BD-B5DC7D0012E0}.Debug|Any CPU.ActiveCfg = Debug|Any CPU
		{CBCAAFB2-DBEB-4F7B-81BD-B5DC7D0012E0}.Debug|Any CPU.Build.0 = Debug|Any CPU
		{CBCAAFB2-DBEB-4F7B-81BD-B5DC7D0012E0}.Release|Any CPU.ActiveCfg = Release|Any CPU
		{CBCAAFB2-DBEB-4F7B-81BD-B5DC7D0012E0}.Release|Any CPU.Build.0 = Release|Any CPU
		{782A195D-46D4-4436-9885-D9E481FEFED6}.Debug|Any CPU.ActiveCfg = Debug|Any CPU
		{782A195D-46D4-4436-9885-D9E481FEFED6}.Debug|Any CPU.Build.0 = Debug|Any CPU
		{782A195D-46D4-4436-9885-D9E481FEFED6}.Release|Any CPU.ActiveCfg = Release|Any CPU
		{782A195D-46D4-4436-9885-D9E481FEFED6}.Release|Any CPU.Build.0 = Release|Any CPU
		{E530208A-4E75-46B0-97F6-BF125C6D8E96}.Debug|Any CPU.ActiveCfg = Debug|Any CPU
		{E530208A-4E75-46B0-97F6-BF125C6D8E96}.Debug|Any CPU.Build.0 = Debug|Any CPU
		{E530208A-4E75-46B0-97F6-BF125C6D8E96}.Release|Any CPU.ActiveCfg = Release|Any CPU
		{E530208A-4E75-46B0-97F6-BF125C6D8E96}.Release|Any CPU.Build.0 = Release|Any CPU
		{599B4AF9-26F0-4551-BFF8-AA2DA0076264}.Debug|Any CPU.ActiveCfg = Debug|Any CPU
		{599B4AF9-26F0-4551-BFF8-AA2DA0076264}.Debug|Any CPU.Build.0 = Debug|Any CPU
		{599B4AF9-26F0-4551-BFF8-AA2DA0076264}.Release|Any CPU.ActiveCfg = Release|Any CPU
		{599B4AF9-26F0-4551-BFF8-AA2DA0076264}.Release|Any CPU.Build.0 = Release|Any CPU
		{0FC3DA4B-7B49-45E9-B808-8694D6180815}.Debug|Any CPU.ActiveCfg = Debug|Any CPU
		{0FC3DA4B-7B49-45E9-B808-8694D6180815}.Debug|Any CPU.Build.0 = Debug|Any CPU
		{0FC3DA4B-7B49-45E9-B808-8694D6180815}.Release|Any CPU.ActiveCfg = Release|Any CPU
		{0FC3DA4B-7B49-45E9-B808-8694D6180815}.Release|Any CPU.Build.0 = Release|Any CPU
		{4004766A-487A-4556-ABAD-6B5377151165}.Debug|Any CPU.ActiveCfg = Debug|Any CPU
		{4004766A-487A-4556-ABAD-6B5377151165}.Debug|Any CPU.Build.0 = Debug|Any CPU
		{4004766A-487A-4556-ABAD-6B5377151165}.Release|Any CPU.ActiveCfg = Release|Any CPU
		{4004766A-487A-4556-ABAD-6B5377151165}.Release|Any CPU.Build.0 = Release|Any CPU
		{D8B1298D-CD92-4EE3-B0B9-B9B382B74240}.Debug|Any CPU.ActiveCfg = Debug|Any CPU
		{D8B1298D-CD92-4EE3-B0B9-B9B382B74240}.Debug|Any CPU.Build.0 = Debug|Any CPU
		{D8B1298D-CD92-4EE3-B0B9-B9B382B74240}.Release|Any CPU.ActiveCfg = Release|Any CPU
		{D8B1298D-CD92-4EE3-B0B9-B9B382B74240}.Release|Any CPU.Build.0 = Release|Any CPU
		{44CF1BA7-705B-4F10-94BD-12824BD08C76}.Debug|Any CPU.ActiveCfg = Debug|Any CPU
		{44CF1BA7-705B-4F10-94BD-12824BD08C76}.Debug|Any CPU.Build.0 = Debug|Any CPU
		{44CF1BA7-705B-4F10-94BD-12824BD08C76}.Release|Any CPU.ActiveCfg = Release|Any CPU
		{44CF1BA7-705B-4F10-94BD-12824BD08C76}.Release|Any CPU.Build.0 = Release|Any CPU
		{071F81FB-7471-40DF-8AD4-4ACE73BEA0F4}.Debug|Any CPU.ActiveCfg = Debug|Any CPU
		{071F81FB-7471-40DF-8AD4-4ACE73BEA0F4}.Debug|Any CPU.Build.0 = Debug|Any CPU
		{071F81FB-7471-40DF-8AD4-4ACE73BEA0F4}.Release|Any CPU.ActiveCfg = Release|Any CPU
		{071F81FB-7471-40DF-8AD4-4ACE73BEA0F4}.Release|Any CPU.Build.0 = Release|Any CPU
		{FC2442F2-86BE-4911-BAA3-D11562CD8C27}.Debug|Any CPU.ActiveCfg = Debug|Any CPU
		{FC2442F2-86BE-4911-BAA3-D11562CD8C27}.Debug|Any CPU.Build.0 = Debug|Any CPU
		{FC2442F2-86BE-4911-BAA3-D11562CD8C27}.Release|Any CPU.ActiveCfg = Release|Any CPU
		{FC2442F2-86BE-4911-BAA3-D11562CD8C27}.Release|Any CPU.Build.0 = Release|Any CPU
		{018CBC83-D0DA-4B6C-8600-53D8F359B339}.Debug|Any CPU.ActiveCfg = Debug|Any CPU
		{018CBC83-D0DA-4B6C-8600-53D8F359B339}.Debug|Any CPU.Build.0 = Debug|Any CPU
		{018CBC83-D0DA-4B6C-8600-53D8F359B339}.Release|Any CPU.ActiveCfg = Release|Any CPU
		{018CBC83-D0DA-4B6C-8600-53D8F359B339}.Release|Any CPU.Build.0 = Release|Any CPU
		{CA88FF79-10AF-4526-82DC-B709244A88DF}.Debug|Any CPU.ActiveCfg = Debug|Any CPU
		{CA88FF79-10AF-4526-82DC-B709244A88DF}.Debug|Any CPU.Build.0 = Debug|Any CPU
		{CA88FF79-10AF-4526-82DC-B709244A88DF}.Release|Any CPU.ActiveCfg = Release|Any CPU
		{CA88FF79-10AF-4526-82DC-B709244A88DF}.Release|Any CPU.Build.0 = Release|Any CPU
		{06316EE5-8F88-4597-9DA7-181E74639CC1}.Debug|Any CPU.ActiveCfg = Debug|Any CPU
		{06316EE5-8F88-4597-9DA7-181E74639CC1}.Debug|Any CPU.Build.0 = Debug|Any CPU
		{06316EE5-8F88-4597-9DA7-181E74639CC1}.Release|Any CPU.ActiveCfg = Release|Any CPU
		{06316EE5-8F88-4597-9DA7-181E74639CC1}.Release|Any CPU.Build.0 = Release|Any CPU
		{855AFA9D-D149-4FE8-A860-D9F65BA36DE0}.Debug|Any CPU.ActiveCfg = Debug|Any CPU
		{855AFA9D-D149-4FE8-A860-D9F65BA36DE0}.Debug|Any CPU.Build.0 = Debug|Any CPU
		{855AFA9D-D149-4FE8-A860-D9F65BA36DE0}.Release|Any CPU.ActiveCfg = Release|Any CPU
		{855AFA9D-D149-4FE8-A860-D9F65BA36DE0}.Release|Any CPU.Build.0 = Release|Any CPU
		{525B1239-1DC7-448C-9905-FF47BA7325A2}.Debug|Any CPU.ActiveCfg = Debug|Any CPU
		{525B1239-1DC7-448C-9905-FF47BA7325A2}.Debug|Any CPU.Build.0 = Debug|Any CPU
		{525B1239-1DC7-448C-9905-FF47BA7325A2}.Release|Any CPU.ActiveCfg = Release|Any CPU
		{525B1239-1DC7-448C-9905-FF47BA7325A2}.Release|Any CPU.Build.0 = Release|Any CPU
		{FCD82C98-7DA4-444C-B1B6-63EDFE060986}.Debug|Any CPU.ActiveCfg = Debug|Any CPU
		{FCD82C98-7DA4-444C-B1B6-63EDFE060986}.Debug|Any CPU.Build.0 = Debug|Any CPU
		{FCD82C98-7DA4-444C-B1B6-63EDFE060986}.Release|Any CPU.ActiveCfg = Release|Any CPU
		{FCD82C98-7DA4-444C-B1B6-63EDFE060986}.Release|Any CPU.Build.0 = Release|Any CPU
		{E6A0CE9D-351C-4D70-93FA-8267846B8C33}.Debug|Any CPU.ActiveCfg = Debug|Any CPU
		{E6A0CE9D-351C-4D70-93FA-8267846B8C33}.Debug|Any CPU.Build.0 = Debug|Any CPU
		{E6A0CE9D-351C-4D70-93FA-8267846B8C33}.Release|Any CPU.ActiveCfg = Release|Any CPU
		{E6A0CE9D-351C-4D70-93FA-8267846B8C33}.Release|Any CPU.Build.0 = Release|Any CPU
		{CED01540-CFFC-4B44-A278-D460F79B2653}.Debug|Any CPU.ActiveCfg = Debug|Any CPU
		{CED01540-CFFC-4B44-A278-D460F79B2653}.Debug|Any CPU.Build.0 = Debug|Any CPU
		{CED01540-CFFC-4B44-A278-D460F79B2653}.Release|Any CPU.ActiveCfg = Release|Any CPU
		{CED01540-CFFC-4B44-A278-D460F79B2653}.Release|Any CPU.Build.0 = Release|Any CPU
		{CCE51262-3798-41EE-992D-6F6BBBC68327}.Debug|Any CPU.ActiveCfg = Debug|Any CPU
		{CCE51262-3798-41EE-992D-6F6BBBC68327}.Debug|Any CPU.Build.0 = Debug|Any CPU
		{CCE51262-3798-41EE-992D-6F6BBBC68327}.Release|Any CPU.ActiveCfg = Release|Any CPU
		{CCE51262-3798-41EE-992D-6F6BBBC68327}.Release|Any CPU.Build.0 = Release|Any CPU
		{1FAE5422-D5B1-476F-B133-7CECA374B404}.Debug|Any CPU.ActiveCfg = Debug|Any CPU
		{1FAE5422-D5B1-476F-B133-7CECA374B404}.Debug|Any CPU.Build.0 = Debug|Any CPU
		{1FAE5422-D5B1-476F-B133-7CECA374B404}.Release|Any CPU.ActiveCfg = Release|Any CPU
		{1FAE5422-D5B1-476F-B133-7CECA374B404}.Release|Any CPU.Build.0 = Release|Any CPU
		{871680FC-F9FE-4EA9-B7ED-BE66F58AD0BE}.Debug|Any CPU.ActiveCfg = Debug|Any CPU
		{871680FC-F9FE-4EA9-B7ED-BE66F58AD0BE}.Debug|Any CPU.Build.0 = Debug|Any CPU
		{871680FC-F9FE-4EA9-B7ED-BE66F58AD0BE}.Release|Any CPU.ActiveCfg = Release|Any CPU
		{871680FC-F9FE-4EA9-B7ED-BE66F58AD0BE}.Release|Any CPU.Build.0 = Release|Any CPU
		{87690484-ECD2-4E24-BF55-EC9333ED6C0E}.Debug|Any CPU.ActiveCfg = Debug|Any CPU
		{87690484-ECD2-4E24-BF55-EC9333ED6C0E}.Debug|Any CPU.Build.0 = Debug|Any CPU
		{87690484-ECD2-4E24-BF55-EC9333ED6C0E}.Release|Any CPU.ActiveCfg = Release|Any CPU
		{87690484-ECD2-4E24-BF55-EC9333ED6C0E}.Release|Any CPU.Build.0 = Release|Any CPU
		{46118CE2-DE86-4E8E-BC3E-CA1E60FD6F10}.Debug|Any CPU.ActiveCfg = Debug|Any CPU
		{46118CE2-DE86-4E8E-BC3E-CA1E60FD6F10}.Debug|Any CPU.Build.0 = Debug|Any CPU
		{46118CE2-DE86-4E8E-BC3E-CA1E60FD6F10}.Release|Any CPU.ActiveCfg = Release|Any CPU
		{46118CE2-DE86-4E8E-BC3E-CA1E60FD6F10}.Release|Any CPU.Build.0 = Release|Any CPU
		{C0EE21DE-B2E5-40B0-BF3C-ABE7993950CB}.Debug|Any CPU.ActiveCfg = Debug|Any CPU
		{C0EE21DE-B2E5-40B0-BF3C-ABE7993950CB}.Debug|Any CPU.Build.0 = Debug|Any CPU
		{C0EE21DE-B2E5-40B0-BF3C-ABE7993950CB}.Release|Any CPU.ActiveCfg = Release|Any CPU
		{C0EE21DE-B2E5-40B0-BF3C-ABE7993950CB}.Release|Any CPU.Build.0 = Release|Any CPU
		{2A4D2788-7868-4463-9281-A2461A79F4A8}.Debug|Any CPU.ActiveCfg = Debug|Any CPU
		{2A4D2788-7868-4463-9281-A2461A79F4A8}.Debug|Any CPU.Build.0 = Debug|Any CPU
		{2A4D2788-7868-4463-9281-A2461A79F4A8}.Release|Any CPU.ActiveCfg = Release|Any CPU
		{2A4D2788-7868-4463-9281-A2461A79F4A8}.Release|Any CPU.Build.0 = Release|Any CPU
		{4CE1E62A-29E5-44D7-8992-EAC8560A3EC1}.Debug|Any CPU.ActiveCfg = Debug|Any CPU
		{4CE1E62A-29E5-44D7-8992-EAC8560A3EC1}.Debug|Any CPU.Build.0 = Debug|Any CPU
		{4CE1E62A-29E5-44D7-8992-EAC8560A3EC1}.Release|Any CPU.ActiveCfg = Release|Any CPU
		{4CE1E62A-29E5-44D7-8992-EAC8560A3EC1}.Release|Any CPU.Build.0 = Release|Any CPU
		{94F32AE5-71AD-47CE-AB8A-5F39F22D0769}.Debug|Any CPU.ActiveCfg = Debug|Any CPU
		{94F32AE5-71AD-47CE-AB8A-5F39F22D0769}.Debug|Any CPU.Build.0 = Debug|Any CPU
		{94F32AE5-71AD-47CE-AB8A-5F39F22D0769}.Release|Any CPU.ActiveCfg = Release|Any CPU
		{94F32AE5-71AD-47CE-AB8A-5F39F22D0769}.Release|Any CPU.Build.0 = Release|Any CPU
		{B8158C51-219E-4059-BE38-A6E5615DB397}.Debug|Any CPU.ActiveCfg = Debug|Any CPU
		{B8158C51-219E-4059-BE38-A6E5615DB397}.Debug|Any CPU.Build.0 = Debug|Any CPU
		{B8158C51-219E-4059-BE38-A6E5615DB397}.Release|Any CPU.ActiveCfg = Release|Any CPU
		{B8158C51-219E-4059-BE38-A6E5615DB397}.Release|Any CPU.Build.0 = Release|Any CPU
	EndGlobalSection
	GlobalSection(SolutionProperties) = preSolution
		HideSolutionNode = FALSE
	EndGlobalSection
	GlobalSection(NestedProjects) = preSolution
		{F12E5310-104B-4EB3-BB1A-DFF8B2BD0740} = {94641B25-4597-40E4-A747-E93525248E16}
		{94641B25-4597-40E4-A747-E93525248E16} = {7BB1DAD3-9633-49FC-8054-ABFFE7F2C6B3}
		{FFD97A02-40D4-4601-BF29-15F833B931FF} = {7BB1DAD3-9633-49FC-8054-ABFFE7F2C6B3}
		{69685BDA-7A8D-48DA-BC5B-BE388C284206} = {7BB1DAD3-9633-49FC-8054-ABFFE7F2C6B3}
		{24806E89-6C14-4957-B92D-EC2C5B2E5E8D} = {69685BDA-7A8D-48DA-BC5B-BE388C284206}
		{41D6AB84-BEB5-408D-BFE6-97249E6F3D0B} = {24806E89-6C14-4957-B92D-EC2C5B2E5E8D}
		{A46E6C8F-C749-4058-8AD6-762D6A13769C} = {24806E89-6C14-4957-B92D-EC2C5B2E5E8D}
		{CACAC602-BA95-49DD-9A9C-7E084B9DC0F7} = {24806E89-6C14-4957-B92D-EC2C5B2E5E8D}
		{F5FA420F-4926-41A3-80C3-74AF5B914D11} = {24806E89-6C14-4957-B92D-EC2C5B2E5E8D}
		{6CE13EF0-3F57-4E1D-A9C3-E6AD3B7FDAF2} = {24806E89-6C14-4957-B92D-EC2C5B2E5E8D}
		{66A23E68-FE76-439E-A35B-99184147E2D3} = {24806E89-6C14-4957-B92D-EC2C5B2E5E8D}
		{2EDDC28B-7D02-4437-9CA3-D0D889F64ED9} = {24806E89-6C14-4957-B92D-EC2C5B2E5E8D}
		{6558C541-CA2C-45A0-91BC-59C554F3A2C2} = {24806E89-6C14-4957-B92D-EC2C5B2E5E8D}
		{9E44C632-62DE-4992-9FF4-BFA00EE2D89E} = {24806E89-6C14-4957-B92D-EC2C5B2E5E8D}
		{C12C1F19-7721-4F96-BF8A-0A4D39EBD2E7} = {24806E89-6C14-4957-B92D-EC2C5B2E5E8D}
		{94695F6F-DFF6-4344-8719-5DDE13860670} = {24806E89-6C14-4957-B92D-EC2C5B2E5E8D}
		{CF4437DA-501E-49A6-B9BF-E6DDAD841D96} = {24806E89-6C14-4957-B92D-EC2C5B2E5E8D}
		{9E45C851-BDBD-4E68-8285-29CDA0929160} = {24806E89-6C14-4957-B92D-EC2C5B2E5E8D}
		{14BA600A-C766-4A8B-BB4D-1D691C2D56A2} = {FFD97A02-40D4-4601-BF29-15F833B931FF}
		{8A331AE4-0B94-47A7-B176-ED2ADA656B6D} = {14BA600A-C766-4A8B-BB4D-1D691C2D56A2}
		{E02AF174-C688-493C-81CF-BEA727550BA2} = {14BA600A-C766-4A8B-BB4D-1D691C2D56A2}
		{4B3F8741-EA6A-4AF9-84E4-9161DC958502} = {14BA600A-C766-4A8B-BB4D-1D691C2D56A2}
		{0F4DF1FB-34CC-4A6E-929A-A93C35E753C5} = {14BA600A-C766-4A8B-BB4D-1D691C2D56A2}
		{2CD39EA7-D1BD-4969-8005-4C33271EE9E2} = {14BA600A-C766-4A8B-BB4D-1D691C2D56A2}
		{7891245C-5D43-438D-AA4C-0DFE7F9D0111} = {14BA600A-C766-4A8B-BB4D-1D691C2D56A2}
		{920DDF20-6340-4D6E-87BA-5AAFEC8AA718} = {14BA600A-C766-4A8B-BB4D-1D691C2D56A2}
		{E6E1420B-01AC-451C-B4E0-4B0A5CBAD33D} = {FFD97A02-40D4-4601-BF29-15F833B931FF}
		{FA03EA61-5967-4447-AA5C-750A7747C44B} = {E6E1420B-01AC-451C-B4E0-4B0A5CBAD33D}
		{05F2A374-40F0-4A7C-8A51-31DCAF424C43} = {E6E1420B-01AC-451C-B4E0-4B0A5CBAD33D}
		{B7F9D348-D1B7-448A-A6A6-BADC1A76F7CF} = {E6E1420B-01AC-451C-B4E0-4B0A5CBAD33D}
		{48FE7657-F249-4299-B044-F8C4562F0043} = {E6E1420B-01AC-451C-B4E0-4B0A5CBAD33D}
		{F7025DA3-B555-4FB9-A89E-00666771D720} = {E6E1420B-01AC-451C-B4E0-4B0A5CBAD33D}
		{34487FDB-536C-4140-B78C-395B9912F950} = {E6E1420B-01AC-451C-B4E0-4B0A5CBAD33D}
		{F96A734D-4ADD-446A-B3EF-CC5F8D655FB9} = {E6E1420B-01AC-451C-B4E0-4B0A5CBAD33D}
		{558851B4-476C-4FDF-854E-AE9B72C1815E} = {E6E1420B-01AC-451C-B4E0-4B0A5CBAD33D}
		{8DD09FCC-DB3F-4AB6-87F3-0D4996F26D87} = {E6E1420B-01AC-451C-B4E0-4B0A5CBAD33D}
		{BBCDFC42-CF66-4A57-81A1-A54E3351F045} = {FFD97A02-40D4-4601-BF29-15F833B931FF}
		{740E4B68-2122-45FC-A5E8-F10CFDB2FBC3} = {BBCDFC42-CF66-4A57-81A1-A54E3351F045}
		{CBCAAFB2-DBEB-4F7B-81BD-B5DC7D0012E0} = {BBCDFC42-CF66-4A57-81A1-A54E3351F045}
		{782A195D-46D4-4436-9885-D9E481FEFED6} = {BBCDFC42-CF66-4A57-81A1-A54E3351F045}
		{E530208A-4E75-46B0-97F6-BF125C6D8E96} = {BBCDFC42-CF66-4A57-81A1-A54E3351F045}
		{599B4AF9-26F0-4551-BFF8-AA2DA0076264} = {BBCDFC42-CF66-4A57-81A1-A54E3351F045}
		{0FC3DA4B-7B49-45E9-B808-8694D6180815} = {BBCDFC42-CF66-4A57-81A1-A54E3351F045}
		{4004766A-487A-4556-ABAD-6B5377151165} = {BBCDFC42-CF66-4A57-81A1-A54E3351F045}
		{77DDC419-E9F8-46DD-BEDF-79492D472254} = {FFD97A02-40D4-4601-BF29-15F833B931FF}
		{D8B1298D-CD92-4EE3-B0B9-B9B382B74240} = {77DDC419-E9F8-46DD-BEDF-79492D472254}
		{44CF1BA7-705B-4F10-94BD-12824BD08C76} = {77DDC419-E9F8-46DD-BEDF-79492D472254}
		{071F81FB-7471-40DF-8AD4-4ACE73BEA0F4} = {77DDC419-E9F8-46DD-BEDF-79492D472254}
		{FC2442F2-86BE-4911-BAA3-D11562CD8C27} = {77DDC419-E9F8-46DD-BEDF-79492D472254}
		{A9CB4C4C-53E6-41C2-B1C3-C7A0BFF3B15C} = {FFD97A02-40D4-4601-BF29-15F833B931FF}
		{018CBC83-D0DA-4B6C-8600-53D8F359B339} = {69685BDA-7A8D-48DA-BC5B-BE388C284206}
		{CA88FF79-10AF-4526-82DC-B709244A88DF} = {69685BDA-7A8D-48DA-BC5B-BE388C284206}
		{06316EE5-8F88-4597-9DA7-181E74639CC1} = {69685BDA-7A8D-48DA-BC5B-BE388C284206}
		{855AFA9D-D149-4FE8-A860-D9F65BA36DE0} = {69685BDA-7A8D-48DA-BC5B-BE388C284206}
		{525B1239-1DC7-448C-9905-FF47BA7325A2} = {69685BDA-7A8D-48DA-BC5B-BE388C284206}
		{FCD82C98-7DA4-444C-B1B6-63EDFE060986} = {69685BDA-7A8D-48DA-BC5B-BE388C284206}
		{E6A0CE9D-351C-4D70-93FA-8267846B8C33} = {69685BDA-7A8D-48DA-BC5B-BE388C284206}
		{CED01540-CFFC-4B44-A278-D460F79B2653} = {69685BDA-7A8D-48DA-BC5B-BE388C284206}
		{CCE51262-3798-41EE-992D-6F6BBBC68327} = {69685BDA-7A8D-48DA-BC5B-BE388C284206}
		{1FAE5422-D5B1-476F-B133-7CECA374B404} = {69685BDA-7A8D-48DA-BC5B-BE388C284206}
		{871680FC-F9FE-4EA9-B7ED-BE66F58AD0BE} = {69685BDA-7A8D-48DA-BC5B-BE388C284206}
		{87690484-ECD2-4E24-BF55-EC9333ED6C0E} = {69685BDA-7A8D-48DA-BC5B-BE388C284206}
		{46118CE2-DE86-4E8E-BC3E-CA1E60FD6F10} = {69685BDA-7A8D-48DA-BC5B-BE388C284206}
		{C0EE21DE-B2E5-40B0-BF3C-ABE7993950CB} = {69685BDA-7A8D-48DA-BC5B-BE388C284206}
		{2A4D2788-7868-4463-9281-A2461A79F4A8} = {69685BDA-7A8D-48DA-BC5B-BE388C284206}
		{4CE1E62A-29E5-44D7-8992-EAC8560A3EC1} = {69685BDA-7A8D-48DA-BC5B-BE388C284206}
		{94F32AE5-71AD-47CE-AB8A-5F39F22D0769} = {69685BDA-7A8D-48DA-BC5B-BE388C284206}
		{B8158C51-219E-4059-BE38-A6E5615DB397} = {69685BDA-7A8D-48DA-BC5B-BE388C284206}
	EndGlobalSection
	GlobalSection(ExtensibilityGlobals) = postSolution
		SolutionGuid = {699E7596-8FB0-438B-AA7A-32DF10D45DD0}
	EndGlobalSection
EndGlobal
