
Microsoft Visual Studio Solution File, Format Version 12.00
# Visual Studio Version 17
VisualStudioVersion = 17.10.34928.147
MinimumVisualStudioVersion = 10.0.40219.1
Project("{FAE04EC0-301F-11D3-BF4B-00C04F79EFBC}") = "Demo2", "Demo2.csproj", "{A17CA721-314C-489F-B36C-742CA3987B28}"
EndProject
Project("{FAE04EC0-301F-11D3-BF4B-00C04F79EFBC}") = "Demo3", "..\Demo3\Demo3.csproj", "{BC3590EC-81F0-40BA-AFDE-99DBBB141240}"
EndProject
Global
	GlobalSection(SolutionConfigurationPlatforms) = preSolution
		Debug|Any CPU = Debug|Any CPU
		Release|Any CPU = Release|Any CPU
	EndGlobalSection
	GlobalSection(ProjectConfigurationPlatforms) = postSolution
		{A17CA721-314C-489F-B36C-742CA3987B28}.Debug|Any CPU.ActiveCfg = Debug|Any CPU
		{A17CA721-314C-489F-B36C-742CA3987B28}.Debug|Any CPU.Build.0 = Debug|Any CPU
		{A17CA721-314C-489F-B36C-742CA3987B28}.Release|Any CPU.ActiveCfg = Release|Any CPU
		{A17CA721-314C-489F-B36C-742CA3987B28}.Release|Any CPU.Build.0 = Release|Any CPU
		{BC3590EC-81F0-40BA-AFDE-99DBBB141240}.Debug|Any CPU.ActiveCfg = Debug|Any CPU
		{BC3590EC-81F0-40BA-AFDE-99DBBB141240}.Debug|Any CPU.Build.0 = Debug|Any CPU
		{BC3590EC-81F0-40BA-AFDE-99DBBB141240}.Release|Any CPU.ActiveCfg = Release|Any CPU
		{BC3590EC-81F0-40BA-AFDE-99DBBB141240}.Release|Any CPU.Build.0 = Release|Any CPU
	EndGlobalSection
	GlobalSection(SolutionProperties) = preSolution
		HideSolutionNode = FALSE
	EndGlobalSection
	GlobalSection(ExtensibilityGlobals) = postSolution
		SolutionGuid = {E5FF3CCF-F105-4052-94CD-DD79DB23A39E}
	EndGlobalSection
EndGlobal
