
Microsoft Visual Studio Solution File, Format Version 12.00
# Visual Studio Version 17
VisualStudioVersion = 17.10.34916.146
MinimumVisualStudioVersion = 10.0.40219.1
Project("{FAE04EC0-301F-11D3-BF4B-00C04F79EFBC}") = "02时间类", "02时间类\02时间类.csproj", "{E02AF174-C688-493C-81CF-BEA727550BA2}"
EndProject
Project("{FAE04EC0-301F-11D3-BF4B-00C04F79EFBC}") = "01随机数", "01随机数\01随机数.csproj", "{8A331AE4-0B94-47A7-B176-ED2ADA656B6D}"
EndProject
Project("{FAE04EC0-301F-11D3-BF4B-00C04F79EFBC}") = "03时间计算", "03时间计算\03时间计算.csproj", "{4B3F8741-EA6A-4AF9-84E4-9161DC958502}"
EndProject
Project("{FAE04EC0-301F-11D3-BF4B-00C04F79EFBC}") = "04结构体", "04结构体\04结构体.csproj", "{0F4DF1FB-34CC-4A6E-929A-A93C35E753C5}"
EndProject
Project("{FAE04EC0-301F-11D3-BF4B-00C04F79EFBC}") = "05枚举", "05枚举\05枚举.csproj", "{2CD39EA7-D1BD-4969-8005-4C33271EE9E2}"
EndProject
Project("{FAE04EC0-301F-11D3-BF4B-00C04F79EFBC}") = "06枚举类型转换", "06枚举类型转换\06枚举类型转换.csproj", "{7891245C-5D43-438D-AA4C-0DFE7F9D0111}"
EndProject
Project("{FAE04EC0-301F-11D3-BF4B-00C04F79EFBC}") = "07结构体结合枚举", "07结构体结合枚举\07结构体结合枚举.csproj", "{920DDF20-6340-4D6E-87BA-5AAFEC8AA718}"
EndProject
Project("{2150E333-8FDC-42A3-9474-1A3956D46DE8}") = "8_27", "8_27", "{7C0C1513-E85F-4495-887A-EE70D69BE246}"
EndProject
Global
	GlobalSection(SolutionConfigurationPlatforms) = preSolution
		Debug|Any CPU = Debug|Any CPU
		Release|Any CPU = Release|Any CPU
	EndGlobalSection
	GlobalSection(ProjectConfigurationPlatforms) = postSolution
		{E02AF174-C688-493C-81CF-BEA727550BA2}.Debug|Any CPU.ActiveCfg = Debug|Any CPU
		{E02AF174-C688-493C-81CF-BEA727550BA2}.Debug|Any CPU.Build.0 = Debug|Any CPU
		{E02AF174-C688-493C-81CF-BEA727550BA2}.Release|Any CPU.ActiveCfg = Release|Any CPU
		{E02AF174-C688-493C-81CF-BEA727550BA2}.Release|Any CPU.Build.0 = Release|Any CPU
		{8A331AE4-0B94-47A7-B176-ED2ADA656B6D}.Debug|Any CPU.ActiveCfg = Debug|Any CPU
		{8A331AE4-0B94-47A7-B176-ED2ADA656B6D}.Debug|Any CPU.Build.0 = Debug|Any CPU
		{8A331AE4-0B94-47A7-B176-ED2ADA656B6D}.Release|Any CPU.ActiveCfg = Release|Any CPU
		{8A331AE4-0B94-47A7-B176-ED2ADA656B6D}.Release|Any CPU.Build.0 = Release|Any CPU
		{4B3F8741-EA6A-4AF9-84E4-9161DC958502}.Debug|Any CPU.ActiveCfg = Debug|Any CPU
		{4B3F8741-EA6A-4AF9-84E4-9161DC958502}.Debug|Any CPU.Build.0 = Debug|Any CPU
		{4B3F8741-EA6A-4AF9-84E4-9161DC958502}.Release|Any CPU.ActiveCfg = Release|Any CPU
		{4B3F8741-EA6A-4AF9-84E4-9161DC958502}.Release|Any CPU.Build.0 = Release|Any CPU
		{0F4DF1FB-34CC-4A6E-929A-A93C35E753C5}.Debug|Any CPU.ActiveCfg = Debug|Any CPU
		{0F4DF1FB-34CC-4A6E-929A-A93C35E753C5}.Debug|Any CPU.Build.0 = Debug|Any CPU
		{0F4DF1FB-34CC-4A6E-929A-A93C35E753C5}.Release|Any CPU.ActiveCfg = Release|Any CPU
		{0F4DF1FB-34CC-4A6E-929A-A93C35E753C5}.Release|Any CPU.Build.0 = Release|Any CPU
		{2CD39EA7-D1BD-4969-8005-4C33271EE9E2}.Debug|Any CPU.ActiveCfg = Debug|Any CPU
		{2CD39EA7-D1BD-4969-8005-4C33271EE9E2}.Debug|Any CPU.Build.0 = Debug|Any CPU
		{2CD39EA7-D1BD-4969-8005-4C33271EE9E2}.Release|Any CPU.ActiveCfg = Release|Any CPU
		{2CD39EA7-D1BD-4969-8005-4C33271EE9E2}.Release|Any CPU.Build.0 = Release|Any CPU
		{7891245C-5D43-438D-AA4C-0DFE7F9D0111}.Debug|Any CPU.ActiveCfg = Debug|Any CPU
		{7891245C-5D43-438D-AA4C-0DFE7F9D0111}.Debug|Any CPU.Build.0 = Debug|Any CPU
		{7891245C-5D43-438D-AA4C-0DFE7F9D0111}.Release|Any CPU.ActiveCfg = Release|Any CPU
		{7891245C-5D43-438D-AA4C-0DFE7F9D0111}.Release|Any CPU.Build.0 = Release|Any CPU
		{920DDF20-6340-4D6E-87BA-5AAFEC8AA718}.Debug|Any CPU.ActiveCfg = Debug|Any CPU
		{920DDF20-6340-4D6E-87BA-5AAFEC8AA718}.Debug|Any CPU.Build.0 = Debug|Any CPU
		{920DDF20-6340-4D6E-87BA-5AAFEC8AA718}.Release|Any CPU.ActiveCfg = Release|Any CPU
		{920DDF20-6340-4D6E-87BA-5AAFEC8AA718}.Release|Any CPU.Build.0 = Release|Any CPU
	EndGlobalSection
	GlobalSection(SolutionProperties) = preSolution
		HideSolutionNode = FALSE
	EndGlobalSection
	GlobalSection(NestedProjects) = preSolution
		{E02AF174-C688-493C-81CF-BEA727550BA2} = {7C0C1513-E85F-4495-887A-EE70D69BE246}
		{8A331AE4-0B94-47A7-B176-ED2ADA656B6D} = {7C0C1513-E85F-4495-887A-EE70D69BE246}
		{4B3F8741-EA6A-4AF9-84E4-9161DC958502} = {7C0C1513-E85F-4495-887A-EE70D69BE246}
		{0F4DF1FB-34CC-4A6E-929A-A93C35E753C5} = {7C0C1513-E85F-4495-887A-EE70D69BE246}
		{2CD39EA7-D1BD-4969-8005-4C33271EE9E2} = {7C0C1513-E85F-4495-887A-EE70D69BE246}
		{7891245C-5D43-438D-AA4C-0DFE7F9D0111} = {7C0C1513-E85F-4495-887A-EE70D69BE246}
		{920DDF20-6340-4D6E-87BA-5AAFEC8AA718} = {7C0C1513-E85F-4495-887A-EE70D69BE246}
	EndGlobalSection
	GlobalSection(ExtensibilityGlobals) = postSolution
		SolutionGuid = {C9F57569-34BD-4A26-9999-ED794343EBE6}
	EndGlobalSection
EndGlobal
